<?xml version="1.0" encoding="utf-8"?>

<Project ToolsVersion="4.0" xmlns="http://schemas.microsoft.com/developer/msbuild/2003">
  <ItemGroup>
    <Filter Include="dRowAudio Demo">
      <UniqueIdentifier>{8178DFB3-8AF1-71FD-AB29-E1D0533709B3}</UniqueIdentifier>
    </Filter>
    <Filter Include="dRowAudio Demo\Source">
      <UniqueIdentifier>{9D9A4943-1E2A-33C5-E367-1AB9B713D922}</UniqueIdentifier>
    </Filter>
    <Filter Include="dRowAudio Demo\Source\playback">
      <UniqueIdentifier>{052BC8AB-209E-D4DB-727B-2E7CC8EDBDF1}</UniqueIdentifier>
    </Filter>
    <Filter Include="dRowAudio Demo\Source\network">
      <UniqueIdentifier>{0BEEB432-C551-D7A4-8B2C-7588EC705CDC}</UniqueIdentifier>
    </Filter>
    <Filter Include="dRowAudio Demo\Source\fft">
      <UniqueIdentifier>{050B0F26-2F97-BF21-4727-E588A13D6E98}</UniqueIdentifier>
    </Filter>
    <Filter Include="dRowAudio Demo\Source\resources">
      <UniqueIdentifier>{9356FF3E-920E-63E4-E831-33F73F8493A9}</UniqueIdentifier>
    </Filter>
    <Filter Include="Juce Library Code">
      <UniqueIdentifier>{8B4D1BAA-6DB4-CAEC-A0FA-271F354D5C61}</UniqueIdentifier>
    </Filter>
  </ItemGroup>
  <ItemGroup>
    <ClCompile Include="..\..\Source\Main.cpp">
      <Filter>dRowAudio Demo\Source</Filter>
    </ClCompile>
    <ClCompile Include="..\..\Source\DemoLookAndFeel.cpp">
      <Filter>dRowAudio Demo\Source</Filter>
    </ClCompile>
    <ClCompile Include="..\..\Source\MainWindow.cpp">
      <Filter>dRowAudio Demo\Source</Filter>
    </ClCompile>
    <ClCompile Include="..\..\Source\MainComponent.cpp">
      <Filter>dRowAudio Demo\Source</Filter>
    </ClCompile>
    <ClCompile Include="..\..\Source\TrackInfoComponent.cpp">
      <Filter>dRowAudio Demo\Source</Filter>
    </ClCompile>
    <ClCompile Include="..\..\Source\TransportComponent.cpp">
      <Filter>dRowAudio Demo\Source</Filter>
    </ClCompile>
    <ClCompile Include="..\..\Source\playback\AudioPlaybackDemo.cpp">
      <Filter>dRowAudio Demo\Source\playback</Filter>
    </ClCompile>
    <ClCompile Include="..\..\Source\playback\LoopComponent.cpp">
      <Filter>dRowAudio Demo\Source\playback</Filter>
    </ClCompile>
    <ClCompile Include="..\..\Source\playback\BufferTransformAudioSource.cpp">
      <Filter>dRowAudio Demo\Source\playback</Filter>
    </ClCompile>
    <ClCompile Include="..\..\Source\playback\DistortionDemo.cpp">
      <Filter>dRowAudio Demo\Source\playback</Filter>
    </ClCompile>
    <ClCompile Include="..\..\Source\playback\DistortionComponent.cpp">
      <Filter>dRowAudio Demo\Source\playback</Filter>
    </ClCompile>
    <ClCompile Include="..\..\Source\network\NetworkDemo.cpp">
      <Filter>dRowAudio Demo\Source\network</Filter>
    </ClCompile>
    <ClCompile Include="..\..\Source\network\ConnectionComponent.cpp">
      <Filter>dRowAudio Demo\Source\network</Filter>
    </ClCompile>
    <ClCompile Include="..\..\Source\network\LocalDirectoryListBox.cpp">
      <Filter>dRowAudio Demo\Source\network</Filter>
    </ClCompile>
    <ClCompile Include="..\..\Source\network\RemoteDirectoryListBox.cpp">
      <Filter>dRowAudio Demo\Source\network</Filter>
    </ClCompile>
    <ClCompile Include="..\..\Source\fft\FFTDemo.cpp">
      <Filter>dRowAudio Demo\Source\fft</Filter>
    </ClCompile>
    <ClCompile Include="..\..\Source\resources\icon.png">
      <Filter>dRowAudio Demo\Source\resources</Filter>
    </ClCompile>
    <ClCompile Include="..\..\Source\resources\splash_screen.png">
      <Filter>dRowAudio Demo\Source\resources</Filter>
    </ClCompile>
    <ClCompile Include="..\..\JuceLibraryCode\BinaryData.cpp">
      <Filter>Juce Library Code</Filter>
    </ClCompile>
    <ClCompile Include="..\..\..\..\..\..\juce_source\juce\modules\dRowAudio\dRowAudio.cpp">
      <Filter>Juce Library Code</Filter>
    </ClCompile>
    <ClCompile Include="..\..\..\..\..\..\juce_source\juce\modules\juce_audio_basics\juce_audio_basics.cpp">
      <Filter>Juce Library Code</Filter>
    </ClCompile>
    <ClCompile Include="..\..\..\..\..\..\juce_source\juce\modules\juce_audio_devices\juce_audio_devices.cpp">
      <Filter>Juce Library Code</Filter>
    </ClCompile>
    <ClCompile Include="..\..\..\..\..\..\juce_source\juce\modules\juce_audio_formats\juce_audio_formats.cpp">
      <Filter>Juce Library Code</Filter>
    </ClCompile>
    <ClCompile Include="..\..\..\..\..\..\juce_source\juce\modules\juce_audio_processors\juce_audio_processors.cpp">
      <Filter>Juce Library Code</Filter>
    </ClCompile>
    <ClCompile Include="..\..\..\..\..\..\juce_source\juce\modules\juce_audio_utils\juce_audio_utils.cpp">
      <Filter>Juce Library Code</Filter>
    </ClCompile>
    <ClCompile Include="..\..\..\..\..\..\juce_source\juce\modules\juce_core\juce_core.cpp">
      <Filter>Juce Library Code</Filter>
    </ClCompile>
    <ClCompile Include="..\..\..\..\..\..\juce_source\juce\modules\juce_data_structures\juce_data_structures.cpp">
      <Filter>Juce Library Code</Filter>
    </ClCompile>
    <ClCompile Include="..\..\..\..\..\..\juce_source\juce\modules\juce_events\juce_events.cpp">
      <Filter>Juce Library Code</Filter>
    </ClCompile>
    <ClCompile Include="..\..\..\..\..\..\juce_source\juce\modules\juce_graphics\juce_graphics.cpp">
      <Filter>Juce Library Code</Filter>
    </ClCompile>
    <ClCompile Include="..\..\..\..\..\..\juce_source\juce\modules\juce_gui_basics\juce_gui_basics.cpp">
      <Filter>Juce Library Code</Filter>
    </ClCompile>
    <ClCompile Include="..\..\..\..\..\..\juce_source\juce\modules\juce_gui_extra\juce_gui_extra.cpp">
      <Filter>Juce Library Code</Filter>
    </ClCompile>
  </ItemGroup>
  <ItemGroup>
    <ClInclude Include="..\..\Source\DemoLookAndFeel.h">
      <Filter>dRowAudio Demo\Source</Filter>
    </ClInclude>
    <ClInclude Include="..\..\Source\MainWindow.h">
      <Filter>dRowAudio Demo\Source</Filter>
    </ClInclude>
    <ClInclude Include="..\..\Source\MainComponent.h">
      <Filter>dRowAudio Demo\Source</Filter>
    </ClInclude>
    <ClInclude Include="..\..\Source\TrackInfoComponent.h">
      <Filter>dRowAudio Demo\Source</Filter>
    </ClInclude>
    <ClInclude Include="..\..\Source\TransportComponent.h">
      <Filter>dRowAudio Demo\Source</Filter>
    </ClInclude>
    <ClInclude Include="..\..\Source\playback\AudioPlaybackDemo.h">
      <Filter>dRowAudio Demo\Source\playback</Filter>
    </ClInclude>
    <ClInclude Include="..\..\Source\playback\LoopComponent.h">
      <Filter>dRowAudio Demo\Source\playback</Filter>
    </ClInclude>
    <ClInclude Include="..\..\Source\playback\BufferTransformAudioSource.h">
      <Filter>dRowAudio Demo\Source\playback</Filter>
    </ClInclude>
    <ClInclude Include="..\..\Source\playback\DistortionDemo.h">
      <Filter>dRowAudio Demo\Source\playback</Filter>
    </ClInclude>
    <ClInclude Include="..\..\Source\playback\CurvePoint.h">
      <Filter>dRowAudio Demo\Source\playback</Filter>
    </ClInclude>
    <ClInclude Include="..\..\Source\playback\DistortionComponent.h">
      <Filter>dRowAudio Demo\Source\playback</Filter>
    </ClInclude>
    <ClInclude Include="..\..\Source\network\NetworkDemo.h">
      <Filter>dRowAudio Demo\Source\network</Filter>
    </ClInclude>
    <ClInclude Include="..\..\Source\network\ConnectionComponent.h">
      <Filter>dRowAudio Demo\Source\network</Filter>
    </ClInclude>
    <ClInclude Include="..\..\Source\network\LocalDirectoryListBox.h">
      <Filter>dRowAudio Demo\Source\network</Filter>
    </ClInclude>
    <ClInclude Include="..\..\Source\network\RemoteDirectoryListBox.h">
      <Filter>dRowAudio Demo\Source\network</Filter>
    </ClInclude>
    <ClInclude Include="..\..\Source\fft\FFTDemo.h">
      <Filter>dRowAudio Demo\Source\fft</Filter>
    </ClInclude>
    <ClInclude Include="..\..\JuceLibraryCode\AppConfig.h">
      <Filter>Juce Library Code</Filter>
    </ClInclude>
    <ClInclude Include="..\..\JuceLibraryCode\BinaryData.h">
      <Filter>Juce Library Code</Filter>
    </ClInclude>
    <ClInclude Include="..\..\JuceLibraryCode\JuceHeader.h">
      <Filter>Juce Library Code</Filter>
    </ClInclude>
  </ItemGroup>
  <ItemGroup>
    <None Include=".\icon.ico">
      <Filter>Juce Library Code</Filter>
    </None>
  </ItemGroup>
  <ItemGroup>
    <ResourceCompile Include=".\resources.rc">
      <Filter>Juce Library Code</Filter>
    </ResourceCompile>
  </ItemGroup>
</Project>
