// !$*UTF8*$!
{
	archiveVersion = 1;
	classes = {
	};
	objectVersion = 46;
	objects = {

/* Begin PBXBuildFile section */
		07EDB68D178C5C7635F58468 /* QuickTime.framework in Frameworks */ = {isa = PBXBuildFile; fileRef = A2809A6C00A25BA650290D8D /* QuickTime.framework */; };
		095EE384B807EB3B24D19F4C /* AudioEngine.cpp in Sources */ = {isa = PBXBuildFile; fileRef = 2C6D05330CE43257C6EEF3FB /* AudioEngine.cpp */; };
		107FD22A0CF75C115E7C0E98 /* Transport.cpp in Sources */ = {isa = PBXBuildFile; fileRef = EA03A3D554673EBFB93B0114 /* Transport.cpp */; };
		1221215FE2731751C6197959 /* DecksAudioFormatManager.cpp in Sources */ = {isa = PBXBuildFile; fileRef = 5509BE7D3E60AF013A7E79ED /* DecksAudioFormatManager.cpp */; };
		28EAFEE2B4342C7B80A78E91 /* SettingsComponent.cpp in Sources */ = {isa = PBXBuildFile; fileRef = 5D0B6763DF3FE6EAFDB02F5D /* SettingsComponent.cpp */; };
		2A385FEA82D61AF6C2D020C3 /* CoreAudio.framework in Frameworks */ = {isa = PBXBuildFile; fileRef = 9CF0B422990F5FE0B9F44614 /* CoreAudio.framework */; };
		325FC2FDC0892B2AFA289123 /* BinaryData.cpp in Sources */ = {isa = PBXBuildFile; fileRef = A8ACA0B29345EFF5769D9DA8 /* BinaryData.cpp */; };
		3A45D6069BBDBDC80AF04683 /* LoopAndCuePoints.cpp in Sources */ = {isa = PBXBuildFile; fileRef = 2FD4941BA01E8EFBED8D6B5B /* LoopAndCuePoints.cpp */; };
		41A664A86809A86631F074A0 /* dRowAudio.c in Sources */ = {isa = PBXBuildFile; fileRef = 900185FA9AA3D660772E3D4C /* dRowAudio.c */; };
		452B9A09C04FB0903CE700EE /* dRowAudio.cpp in Sources */ = {isa = PBXBuildFile; fileRef = F014390255E38DC7C7A46BDD /* dRowAudio.cpp */; };
		4F9A2A457DCADBDB3F444311 /* dRowAudio_OverflowingAbstractFifo.cpp in Sources */ = {isa = PBXBuildFile; fileRef = 8CFD9E8B45B5659F0DB5EE3B /* dRowAudio_OverflowingAbstractFifo.cpp */; };
		523BC796DAB63590A8C2862F /* DecksColours.cpp in Sources */ = {isa = PBXBuildFile; fileRef = 42C38F1E71FE93C1BCE6EF42 /* DecksColours.cpp */; };
		546479097D11645BAE395C9A /* Cocoa.framework in Frameworks */ = {isa = PBXBuildFile; fileRef = EDE4229007ADD1A44F3024B0 /* Cocoa.framework */; };
		64CF3A745B54B3C91094A7BD /* TrackSuggestionTable.cpp in Sources */ = {isa = PBXBuildFile; fileRef = 5C28FA4B86FBBD3E5C93A7FB /* TrackSuggestionTable.cpp */; };
		66A178CFE8C3BEBD22836BB8 /* CrossFader.cpp in Sources */ = {isa = PBXBuildFile; fileRef = 70C9CB9C386D8C937451F08D /* CrossFader.cpp */; };
		6C9111989B6F487A8B611771 /* Settings.cpp in Sources */ = {isa = PBXBuildFile; fileRef = 342DAFA1747A6C731022DBFC /* Settings.cpp */; };
		70907C01255F6EC48A973F1A /* MainAppWindow.cpp in Sources */ = {isa = PBXBuildFile; fileRef = 180BDA3231D2DCC2B887A5A2 /* MainAppWindow.cpp */; };
		71F00C8EA46C100F30023F74 /* ContainerComponent.cpp in Sources */ = {isa = PBXBuildFile; fileRef = 81EEA219C740584AD974F680 /* ContainerComponent.cpp */; };
		7300D01BB1C7B77C1E0EB82A /* OpenGL.framework in Frameworks */ = {isa = PBXBuildFile; fileRef = 47A5C470278A8899ED6807B9 /* OpenGL.framework */; };
		7411A6083EE338A6F5E78FF0 /* TrackSuggestions.cpp in Sources */ = {isa = PBXBuildFile; fileRef = DA0B0A13B80A8FED183AF447 /* TrackSuggestions.cpp */; };
		7B5E730C02A7145EE3B6382E /* QTKit.framework in Frameworks */ = {isa = PBXBuildFile; fileRef = FFFB51E91E2BBD5023776511 /* QTKit.framework */; };
		836029042E33FC8B64526F09 /* Icon.icns in Resources */ = {isa = PBXBuildFile; fileRef = 0C9B2FDA3A1D70C8F696227F /* Icon.icns */; };
		83674BC58CDAFB35120BCB26 /* MixTypeComponent.cpp in Sources */ = {isa = PBXBuildFile; fileRef = 73488A74BA2DB98CE19BB585 /* MixTypeComponent.cpp */; };
		8E434997C82DE2F8D71A94D1 /* dRowAudio_SampleRateConverter.cpp in Sources */ = {isa = PBXBuildFile; fileRef = BC6C917B6681B62CAB653562 /* dRowAudio_SampleRateConverter.cpp */; };
		9088445C006CCF8BC6B3FD08 /* Carbon.framework in Frameworks */ = {isa = PBXBuildFile; fileRef = 2C3AA196BDEF123F117FEF54 /* Carbon.framework */; };
		950FB4F0C78DC7E007D889DD /* DeckTransport.cpp in Sources */ = {isa = PBXBuildFile; fileRef = 56AF2CD6832F42B03DD64DFD /* DeckTransport.cpp */; };
		992E7E2A85BC2B0DA91CE4D1 /* ControlComponent.cpp in Sources */ = {isa = PBXBuildFile; fileRef = 425D6C09710560CAD13B64C5 /* ControlComponent.cpp */; };
		9F7A7F13113B822AC97333E4 /* ApplicationStartup.cpp in Sources */ = {isa = PBXBuildFile; fileRef = 67242842297782815FFB94C3 /* ApplicationStartup.cpp */; };
		A1984571061AF3415BE612DB /* PrepareTable.cpp in Sources */ = {isa = PBXBuildFile; fileRef = C203CF68F13A57F4C1E9A21E /* PrepareTable.cpp */; };
		AFE592CB0ABF21DB94E746FA /* CoreMIDI.framework in Frameworks */ = {isa = PBXBuildFile; fileRef = C3CBF31A2F0BEA6FBBB510CD /* CoreMIDI.framework */; };
		B3AE7DFD2D22DAB9D3CB6F56 /* Mixer.cpp in Sources */ = {isa = PBXBuildFile; fileRef = 902FBCF7E76529D2D40EDC52 /* Mixer.cpp */; };
		B4774EAD1D560D11B49A1EC3 /* QuartzCore.framework in Frameworks */ = {isa = PBXBuildFile; fileRef = FC53E9DD51E94107FD486251 /* QuartzCore.framework */; };
		BEBBC50F2100D9B469DCB27E /* WebKit.framework in Frameworks */ = {isa = PBXBuildFile; fileRef = 5DA6DC73F996FC74908B920A /* WebKit.framework */; };
		C03637BDF14CE773A2EB2DAA /* DecksLookAndFeel.cpp in Sources */ = {isa = PBXBuildFile; fileRef = 0C648E93ABE49244CBC7DBF4 /* DecksLookAndFeel.cpp */; };
		CE65A8C18113D8E6EA110797 /* Library.cpp in Sources */ = {isa = PBXBuildFile; fileRef = 07E489F85307F2098381C9F0 /* Library.cpp */; };
		D26BE6FC18104431FFBA8DF2 /* DraggableDisplay.cpp in Sources */ = {isa = PBXBuildFile; fileRef = 824C20D102FB8069BE1A808F /* DraggableDisplay.cpp */; };
		DE761B07B4378012249A219A /* TrackInfo.cpp in Sources */ = {isa = PBXBuildFile; fileRef = 1CF02085B2E92C13E060CD82 /* TrackInfo.cpp */; };
		E1C37F7BF0772A00EEDE57F2 /* DeckManager.cpp in Sources */ = {isa = PBXBuildFile; fileRef = 75E4F1D02D4324E833E2AB38 /* DeckManager.cpp */; };
		E516D163C99889F122A1BC73 /* MasterChannelStrip.cpp in Sources */ = {isa = PBXBuildFile; fileRef = 37E1E04CBA55B23BA5A93467 /* MasterChannelStrip.cpp */; };
		EBB4B5D54B9F55AC57A478F0 /* IOKit.framework in Frameworks */ = {isa = PBXBuildFile; fileRef = EEA5B50A1FD653D25CA68190 /* IOKit.framework */; };
		ECA3D19E104B60E9D702B3C1 /* QuitScreen.cpp in Sources */ = {isa = PBXBuildFile; fileRef = 1128F9467AE70A704D9372B1 /* QuitScreen.cpp */; };
		EDAEB7FBFDBBCD260E732461 /* MixerSettingsComponent.cpp in Sources */ = {isa = PBXBuildFile; fileRef = D713F3EB0C0ADC86982CDC19 /* MixerSettingsComponent.cpp */; };
		EE10433CD3B6DA34B8C97316 /* MixerChannelStrip.cpp in Sources */ = {isa = PBXBuildFile; fileRef = 0735B04B431D98AD78BFA858 /* MixerChannelStrip.cpp */; };
		F31FA52310982AC923DEC137 /* TitleBarComponent.cpp in Sources */ = {isa = PBXBuildFile; fileRef = 74BC264C88ECA91E28AB0147 /* TitleBarComponent.cpp */; };
		F5C7F04A04FD2A8E0E162A26 /* DiscRecording.framework in Frameworks */ = {isa = PBXBuildFile; fileRef = 8D3921642AF1AE63DF470394 /* DiscRecording.framework */; };
/* End PBXBuildFile section */

/* Begin PBXFileReference section */
		0735B04B431D98AD78BFA858 /* MixerChannelStrip.cpp */ = {isa = PBXFileReference; lastKnownFileType = sourcecode.cpp.cpp; name = MixerChannelStrip.cpp; path = ../../Source/ui/controls/mixer/MixerChannelStrip.cpp; sourceTree = SOURCE_ROOT; };
		07E489F85307F2098381C9F0 /* Library.cpp */ = {isa = PBXFileReference; lastKnownFileType = sourcecode.cpp.cpp; name = Library.cpp; path = ../../Source/ui/controls/library/Library.cpp; sourceTree = SOURCE_ROOT; };
		0C648E93ABE49244CBC7DBF4 /* DecksLookAndFeel.cpp */ = {isa = PBXFileReference; lastKnownFileType = sourcecode.cpp.cpp; name = DecksLookAndFeel.cpp; path = ../../Source/ui/DecksLookAndFeel.cpp; sourceTree = SOURCE_ROOT; };
		0C9B2FDA3A1D70C8F696227F /* Icon.icns */ = {isa = PBXFileReference; lastKnownFileType = image.icns; path = Icon.icns; sourceTree = SOURCE_ROOT; };
		1128F9467AE70A704D9372B1 /* QuitScreen.cpp */ = {isa = PBXFileReference; lastKnownFileType = sourcecode.cpp.cpp; name = QuitScreen.cpp; path = ../../Source/ui/QuitScreen.cpp; sourceTree = SOURCE_ROOT; };
		162D4DD3589A083BB4224DC0 /* ContainerComponent.h */ = {isa = PBXFileReference; lastKnownFileType = sourcecode.c.h; name = ContainerComponent.h; path = ../../Source/ui/ContainerComponent.h; sourceTree = SOURCE_ROOT; };
		180BDA3231D2DCC2B887A5A2 /* MainAppWindow.cpp */ = {isa = PBXFileReference; lastKnownFileType = sourcecode.cpp.cpp; name = MainAppWindow.cpp; path = ../../Source/ui/MainAppWindow.cpp; sourceTree = SOURCE_ROOT; };
		181AB0DA7C77E51D953A3D24 /* MainAppWindow.h */ = {isa = PBXFileReference; lastKnownFileType = sourcecode.c.h; name = MainAppWindow.h; path = ../../Source/ui/MainAppWindow.h; sourceTree = SOURCE_ROOT; };
		1CF02085B2E92C13E060CD82 /* TrackInfo.cpp */ = {isa = PBXFileReference; lastKnownFileType = sourcecode.cpp.cpp; name = TrackInfo.cpp; path = ../../Source/ui/controls/transport/TrackInfo.cpp; sourceTree = SOURCE_ROOT; };
		1FD15C2501D15841EE0BA648 /* QuitScreen.h */ = {isa = PBXFileReference; lastKnownFileType = sourcecode.c.h; name = QuitScreen.h; path = ../../Source/ui/QuitScreen.h; sourceTree = SOURCE_ROOT; };
		25935F7B889DDAED4A18A9FF /* MixerChannelStrip.h */ = {isa = PBXFileReference; lastKnownFileType = sourcecode.c.h; name = MixerChannelStrip.h; path = ../../Source/ui/controls/mixer/MixerChannelStrip.h; sourceTree = SOURCE_ROOT; };
		2C3AA196BDEF123F117FEF54 /* Carbon.framework */ = {isa = PBXFileReference; lastKnownFileType = wrapper.framework; name = Carbon.framework; path = System/Library/Frameworks/Carbon.framework; sourceTree = SDKROOT; };
		2C6D05330CE43257C6EEF3FB /* AudioEngine.cpp */ = {isa = PBXFileReference; lastKnownFileType = sourcecode.cpp.cpp; name = AudioEngine.cpp; path = ../../Source/main/AudioEngine.cpp; sourceTree = SOURCE_ROOT; };
		2FD4941BA01E8EFBED8D6B5B /* LoopAndCuePoints.cpp */ = {isa = PBXFileReference; lastKnownFileType = sourcecode.cpp.cpp; name = LoopAndCuePoints.cpp; path = ../../Source/ui/controls/transport/LoopAndCuePoints.cpp; sourceTree = SOURCE_ROOT; };
		3143972EBC39C6C76456DF73 /* PrepareTable.h */ = {isa = PBXFileReference; lastKnownFileType = sourcecode.c.h; name = PrepareTable.h; path = ../../Source/ui/controls/library/PrepareTable.h; sourceTree = SOURCE_ROOT; };
		32AA67C67D2072FA2C7A62DD /* AudioEngine.h */ = {isa = PBXFileReference; lastKnownFileType = sourcecode.c.h; name = AudioEngine.h; path = ../../Source/main/AudioEngine.h; sourceTree = SOURCE_ROOT; };
		342DAFA1747A6C731022DBFC /* Settings.cpp */ = {isa = PBXFileReference; lastKnownFileType = sourcecode.cpp.cpp; name = Settings.cpp; path = ../../Source/main/Settings.cpp; sourceTree = SOURCE_ROOT; };
		37E1E04CBA55B23BA5A93467 /* MasterChannelStrip.cpp */ = {isa = PBXFileReference; lastKnownFileType = sourcecode.cpp.cpp; name = MasterChannelStrip.cpp; path = ../../Source/ui/controls/mixer/MasterChannelStrip.cpp; sourceTree = SOURCE_ROOT; };
		40F437461414DDC8F5114067 /* DefaultSettings.h */ = {isa = PBXFileReference; lastKnownFileType = sourcecode.c.h; name = DefaultSettings.h; path = ../../Source/main/DefaultSettings.h; sourceTree = SOURCE_ROOT; };
		41AAD98A113E9B975FFE4BD5 /* dRowAudio_OverflowingAbstractFifo.h */ = {isa = PBXFileReference; lastKnownFileType = sourcecode.c.h; name = dRowAudio_OverflowingAbstractFifo.h; path = ../../Source/main/dRowAudio_OverflowingAbstractFifo.h; sourceTree = SOURCE_ROOT; };
		425D6C09710560CAD13B64C5 /* ControlComponent.cpp */ = {isa = PBXFileReference; lastKnownFileType = sourcecode.cpp.cpp; name = ControlComponent.cpp; path = ../../Source/ui/controls/ControlComponent.cpp; sourceTree = SOURCE_ROOT; };
		42C38F1E71FE93C1BCE6EF42 /* DecksColours.cpp */ = {isa = PBXFileReference; lastKnownFileType = sourcecode.cpp.cpp; name = DecksColours.cpp; path = ../../Source/ui/DecksColours.cpp; sourceTree = SOURCE_ROOT; };
		47A5C470278A8899ED6807B9 /* OpenGL.framework */ = {isa = PBXFileReference; lastKnownFileType = wrapper.framework; name = OpenGL.framework; path = System/Library/Frameworks/OpenGL.framework; sourceTree = SDKROOT; };
		4A410750948391619D696866 /* DecksColours.h */ = {isa = PBXFileReference; lastKnownFileType = sourcecode.c.h; name = DecksColours.h; path = ../../Source/ui/DecksColours.h; sourceTree = SOURCE_ROOT; };
		4AE6BDB56E02299E5EC730D5 /* Transport.h */ = {isa = PBXFileReference; lastKnownFileType = sourcecode.c.h; name = Transport.h; path = ../../Source/ui/controls/transport/Transport.h; sourceTree = SOURCE_ROOT; };
		4B94B3706DADFBFBFE570B35 /* UISettings.h */ = {isa = PBXFileReference; lastKnownFileType = sourcecode.c.h; name = UISettings.h; path = ../../Source/main/UISettings.h; sourceTree = SOURCE_ROOT; };
		4CC12202EAE06D0E02A6AFBC /* TrackInfo.h */ = {isa = PBXFileReference; lastKnownFileType = sourcecode.c.h; name = TrackInfo.h; path = ../../Source/ui/controls/transport/TrackInfo.h; sourceTree = SOURCE_ROOT; };
		4EA63BBA9D40D629510BFE98 /* Decks_icon.png */ = {isa = PBXFileReference; lastKnownFileType = image.png; name = Decks_icon.png; path = ../../Source/resources/Decks_icon.png; sourceTree = SOURCE_ROOT; };
		5509BE7D3E60AF013A7E79ED /* DecksAudioFormatManager.cpp */ = {isa = PBXFileReference; lastKnownFileType = sourcecode.cpp.cpp; name = DecksAudioFormatManager.cpp; path = ../../Source/main/DecksAudioFormatManager.cpp; sourceTree = SOURCE_ROOT; };
		554920CAA015CC8AE0E0968D /* MixTypeComponent.h */ = {isa = PBXFileReference; lastKnownFileType = sourcecode.c.h; name = MixTypeComponent.h; path = ../../Source/ui/controls/transport/MixTypeComponent.h; sourceTree = SOURCE_ROOT; };
		56AF2CD6832F42B03DD64DFD /* DeckTransport.cpp */ = {isa = PBXFileReference; lastKnownFileType = sourcecode.cpp.cpp; name = DeckTransport.cpp; path = ../../Source/ui/controls/transport/DeckTransport.cpp; sourceTree = SOURCE_ROOT; };
		5870DB6A2318032290CB0331 /* JuceHeader.h */ = {isa = PBXFileReference; lastKnownFileType = sourcecode.c.h; name = JuceHeader.h; path = ../../JuceLibraryCode/JuceHeader.h; sourceTree = SOURCE_ROOT; };
		5C28FA4B86FBBD3E5C93A7FB /* TrackSuggestionTable.cpp */ = {isa = PBXFileReference; lastKnownFileType = sourcecode.cpp.cpp; name = TrackSuggestionTable.cpp; path = ../../Source/ui/controls/transport/TrackSuggestionTable.cpp; sourceTree = SOURCE_ROOT; };
		5D0B6763DF3FE6EAFDB02F5D /* SettingsComponent.cpp */ = {isa = PBXFileReference; lastKnownFileType = sourcecode.cpp.cpp; name = SettingsComponent.cpp; path = ../../Source/ui/settings/SettingsComponent.cpp; sourceTree = SOURCE_ROOT; };
		5DA6DC73F996FC74908B920A /* WebKit.framework */ = {isa = PBXFileReference; lastKnownFileType = wrapper.framework; name = WebKit.framework; path = System/Library/Frameworks/WebKit.framework; sourceTree = SDKROOT; };
		5DBB4D4F6E1842D181843161 /* Mixer.h */ = {isa = PBXFileReference; lastKnownFileType = sourcecode.c.h; name = Mixer.h; path = ../../Source/ui/controls/mixer/Mixer.h; sourceTree = SOURCE_ROOT; };
		64A311A017026C898F97711C /* CommandIDs.h */ = {isa = PBXFileReference; lastKnownFileType = sourcecode.c.h; name = CommandIDs.h; path = ../../Source/main/CommandIDs.h; sourceTree = SOURCE_ROOT; };
		67242842297782815FFB94C3 /* ApplicationStartup.cpp */ = {isa = PBXFileReference; lastKnownFileType = sourcecode.cpp.cpp; name = ApplicationStartup.cpp; path = ../../Source/main/ApplicationStartup.cpp; sourceTree = SOURCE_ROOT; };
		6E9749BC4FAAD9949A00C732 /* DecksLookAndFeel.h */ = {isa = PBXFileReference; lastKnownFileType = sourcecode.c.h; name = DecksLookAndFeel.h; path = ../../Source/ui/DecksLookAndFeel.h; sourceTree = SOURCE_ROOT; };
		709F48E0586393177D674A23 /* TitleBarComponent.h */ = {isa = PBXFileReference; lastKnownFileType = sourcecode.c.h; name = TitleBarComponent.h; path = ../../Source/ui/TitleBarComponent.h; sourceTree = SOURCE_ROOT; };
		70C9CB9C386D8C937451F08D /* CrossFader.cpp */ = {isa = PBXFileReference; lastKnownFileType = sourcecode.cpp.cpp; name = CrossFader.cpp; path = ../../Source/ui/controls/mixer/CrossFader.cpp; sourceTree = SOURCE_ROOT; };
		73488A74BA2DB98CE19BB585 /* MixTypeComponent.cpp */ = {isa = PBXFileReference; lastKnownFileType = sourcecode.cpp.cpp; name = MixTypeComponent.cpp; path = ../../Source/ui/controls/transport/MixTypeComponent.cpp; sourceTree = SOURCE_ROOT; };
		74BC264C88ECA91E28AB0147 /* TitleBarComponent.cpp */ = {isa = PBXFileReference; lastKnownFileType = sourcecode.cpp.cpp; name = TitleBarComponent.cpp; path = ../../Source/ui/TitleBarComponent.cpp; sourceTree = SOURCE_ROOT; };
		75E4F1D02D4324E833E2AB38 /* DeckManager.cpp */ = {isa = PBXFileReference; lastKnownFileType = sourcecode.cpp.cpp; name = DeckManager.cpp; path = ../../Source/main/DeckManager.cpp; sourceTree = SOURCE_ROOT; };
		81EEA219C740584AD974F680 /* ContainerComponent.cpp */ = {isa = PBXFileReference; lastKnownFileType = sourcecode.cpp.cpp; name = ContainerComponent.cpp; path = ../../Source/ui/ContainerComponent.cpp; sourceTree = SOURCE_ROOT; };
		824C20D102FB8069BE1A808F /* DraggableDisplay.cpp */ = {isa = PBXFileReference; lastKnownFileType = sourcecode.cpp.cpp; name = DraggableDisplay.cpp; path = ../../Source/ui/controls/draggable_display/DraggableDisplay.cpp; sourceTree = SOURCE_ROOT; };
		868FAD8819764D9DF712ECF1 /* DeckManager.h */ = {isa = PBXFileReference; lastKnownFileType = sourcecode.c.h; name = DeckManager.h; path = ../../Source/main/DeckManager.h; sourceTree = SOURCE_ROOT; };
		8C2BB5F921175543CCCA8659 /* Settings.h */ = {isa = PBXFileReference; lastKnownFileType = sourcecode.c.h; name = Settings.h; path = ../../Source/main/Settings.h; sourceTree = SOURCE_ROOT; };
		8CFD9E8B45B5659F0DB5EE3B /* dRowAudio_OverflowingAbstractFifo.cpp */ = {isa = PBXFileReference; lastKnownFileType = sourcecode.cpp.cpp; name = dRowAudio_OverflowingAbstractFifo.cpp; path = ../../Source/main/dRowAudio_OverflowingAbstractFifo.cpp; sourceTree = SOURCE_ROOT; };
		8D3921642AF1AE63DF470394 /* DiscRecording.framework */ = {isa = PBXFileReference; lastKnownFileType = wrapper.framework; name = DiscRecording.framework; path = System/Library/Frameworks/DiscRecording.framework; sourceTree = SDKROOT; };
		8E3B1D49C63A28EAEC9CF2A3 /* BinaryData.h */ = {isa = PBXFileReference; lastKnownFileType = sourcecode.c.h; name = BinaryData.h; path = ../../JuceLibraryCode/BinaryData.h; sourceTree = SOURCE_ROOT; };
		8ED22032CA501E9368A28C66 /* CrossFader.h */ = {isa = PBXFileReference; lastKnownFileType = sourcecode.c.h; name = CrossFader.h; path = ../../Source/ui/controls/mixer/CrossFader.h; sourceTree = SOURCE_ROOT; };
		900185FA9AA3D660772E3D4C /* dRowAudio.c */ = {isa = PBXFileReference; lastKnownFileType = sourcecode.c.c; name = dRowAudio.c; path = ../../../../dRowAudio/dRowAudio.c; sourceTree = SOURCE_ROOT; };
		902FBCF7E76529D2D40EDC52 /* Mixer.cpp */ = {isa = PBXFileReference; lastKnownFileType = sourcecode.cpp.cpp; name = Mixer.cpp; path = ../../Source/ui/controls/mixer/Mixer.cpp; sourceTree = SOURCE_ROOT; };
		91F404BD205EDEC23BBE9FD2 /* AppConfig.h */ = {isa = PBXFileReference; lastKnownFileType = sourcecode.c.h; name = AppConfig.h; path = ../../JuceLibraryCode/AppConfig.h; sourceTree = SOURCE_ROOT; };
		96C4EEF2F522DCCA74718479 /* TrackSuggestions.h */ = {isa = PBXFileReference; lastKnownFileType = sourcecode.c.h; name = TrackSuggestions.h; path = ../../Source/ui/controls/transport/TrackSuggestions.h; sourceTree = SOURCE_ROOT; };
		9CF0B422990F5FE0B9F44614 /* CoreAudio.framework */ = {isa = PBXFileReference; lastKnownFileType = wrapper.framework; name = CoreAudio.framework; path = System/Library/Frameworks/CoreAudio.framework; sourceTree = SDKROOT; };
		9FB9A2B0558CC15CA0555634 /* dRowAudio_SampleRateConverter.h */ = {isa = PBXFileReference; lastKnownFileType = sourcecode.c.h; name = dRowAudio_SampleRateConverter.h; path = ../../Source/main/dRowAudio_SampleRateConverter.h; sourceTree = SOURCE_ROOT; };
		A2809A6C00A25BA650290D8D /* QuickTime.framework */ = {isa = PBXFileReference; lastKnownFileType = wrapper.framework; name = QuickTime.framework; path = System/Library/Frameworks/QuickTime.framework; sourceTree = SDKROOT; };
		A8ACA0B29345EFF5769D9DA8 /* BinaryData.cpp */ = {isa = PBXFileReference; lastKnownFileType = sourcecode.cpp.cpp; name = BinaryData.cpp; path = ../../JuceLibraryCode/BinaryData.cpp; sourceTree = SOURCE_ROOT; };
		B315BE919D9B6E7E6D31E1BC /* LoopAndCuePoints.h */ = {isa = PBXFileReference; lastKnownFileType = sourcecode.c.h; name = LoopAndCuePoints.h; path = ../../Source/ui/controls/transport/LoopAndCuePoints.h; sourceTree = SOURCE_ROOT; };
		B68C3E4EDD8FA27FC6C113C5 /* MixerSettings.h */ = {isa = PBXFileReference; lastKnownFileType = sourcecode.c.h; name = MixerSettings.h; path = ../../Source/main/MixerSettings.h; sourceTree = SOURCE_ROOT; };
		B87450A9B14162D2371EBED6 /* MasterChannelStrip.h */ = {isa = PBXFileReference; lastKnownFileType = sourcecode.c.h; name = MasterChannelStrip.h; path = ../../Source/ui/controls/mixer/MasterChannelStrip.h; sourceTree = SOURCE_ROOT; };
		BC6C917B6681B62CAB653562 /* dRowAudio_SampleRateConverter.cpp */ = {isa = PBXFileReference; lastKnownFileType = sourcecode.cpp.cpp; name = dRowAudio_SampleRateConverter.cpp; path = ../../Source/main/dRowAudio_SampleRateConverter.cpp; sourceTree = SOURCE_ROOT; };
		C203CF68F13A57F4C1E9A21E /* PrepareTable.cpp */ = {isa = PBXFileReference; lastKnownFileType = sourcecode.cpp.cpp; name = PrepareTable.cpp; path = ../../Source/ui/controls/library/PrepareTable.cpp; sourceTree = SOURCE_ROOT; };
		C313D1FAB5DEFB0EBBC2E62F /* MixerSettingsComponent.h */ = {isa = PBXFileReference; lastKnownFileType = sourcecode.c.h; name = MixerSettingsComponent.h; path = ../../Source/ui/settings/MixerSettingsComponent.h; sourceTree = SOURCE_ROOT; };
		C3CBF31A2F0BEA6FBBB510CD /* CoreMIDI.framework */ = {isa = PBXFileReference; lastKnownFileType = wrapper.framework; name = CoreMIDI.framework; path = System/Library/Frameworks/CoreMIDI.framework; sourceTree = SDKROOT; };
		C97BCA57A45504F5CB230048 /* DraggableDisplay.h */ = {isa = PBXFileReference; lastKnownFileType = sourcecode.c.h; name = DraggableDisplay.h; path = ../../Source/ui/controls/draggable_display/DraggableDisplay.h; sourceTree = SOURCE_ROOT; };
		CD5A4E23328FF2B91B579FA1 /* Info.plist */ = {isa = PBXFileReference; lastKnownFileType = text.plist.xml; path = Info.plist; sourceTree = SOURCE_ROOT; };
		D713F3EB0C0ADC86982CDC19 /* MixerSettingsComponent.cpp */ = {isa = PBXFileReference; lastKnownFileType = sourcecode.cpp.cpp; name = MixerSettingsComponent.cpp; path = ../../Source/ui/settings/MixerSettingsComponent.cpp; sourceTree = SOURCE_ROOT; };
		DA0B0A13B80A8FED183AF447 /* TrackSuggestions.cpp */ = {isa = PBXFileReference; lastKnownFileType = sourcecode.cpp.cpp; name = TrackSuggestions.cpp; path = ../../Source/ui/controls/transport/TrackSuggestions.cpp; sourceTree = SOURCE_ROOT; };
		E1819F0FF6A3DF647851AFB9 /* TrackSuggestionTable.h */ = {isa = PBXFileReference; lastKnownFileType = sourcecode.c.h; name = TrackSuggestionTable.h; path = ../../Source/ui/controls/transport/TrackSuggestionTable.h; sourceTree = SOURCE_ROOT; };
		E35C43256F242051E83FC23A /* SettingsComponent.h */ = {isa = PBXFileReference; lastKnownFileType = sourcecode.c.h; name = SettingsComponent.h; path = ../../Source/ui/settings/SettingsComponent.h; sourceTree = SOURCE_ROOT; };
		EA03A3D554673EBFB93B0114 /* Transport.cpp */ = {isa = PBXFileReference; lastKnownFileType = sourcecode.cpp.cpp; name = Transport.cpp; path = ../../Source/ui/controls/transport/Transport.cpp; sourceTree = SOURCE_ROOT; };
		EA3ED4C7BA4566967E202186 /* DeckTransport.h */ = {isa = PBXFileReference; lastKnownFileType = sourcecode.c.h; name = DeckTransport.h; path = ../../Source/ui/controls/transport/DeckTransport.h; sourceTree = SOURCE_ROOT; };
		EB76E0210168B8B95BC9EC13 /* Decks.app */ = {isa = PBXFileReference; explicitFileType = wrapper.application; includeInIndex = 0; path = Decks.app; sourceTree = BUILT_PRODUCTS_DIR; };
		EDE4229007ADD1A44F3024B0 /* Cocoa.framework */ = {isa = PBXFileReference; lastKnownFileType = wrapper.framework; name = Cocoa.framework; path = System/Library/Frameworks/Cocoa.framework; sourceTree = SDKROOT; };
		EEA5B50A1FD653D25CA68190 /* IOKit.framework */ = {isa = PBXFileReference; lastKnownFileType = wrapper.framework; name = IOKit.framework; path = System/Library/Frameworks/IOKit.framework; sourceTree = SDKROOT; };
		F014390255E38DC7C7A46BDD /* dRowAudio.cpp */ = {isa = PBXFileReference; lastKnownFileType = sourcecode.cpp.cpp; name = dRowAudio.cpp; path = ../../../../dRowAudio/dRowAudio.cpp; sourceTree = SOURCE_ROOT; };
		F0AF0113CCE8D463737B9DBC /* DecksAudioFormatManager.h */ = {isa = PBXFileReference; lastKnownFileType = sourcecode.c.h; name = DecksAudioFormatManager.h; path = ../../Source/main/DecksAudioFormatManager.h; sourceTree = SOURCE_ROOT; };
		F9DDFA9F9B94BB4C568CC26C /* Library.h */ = {isa = PBXFileReference; lastKnownFileType = sourcecode.c.h; name = Library.h; path = ../../Source/ui/controls/library/Library.h; sourceTree = SOURCE_ROOT; };
		FA320CB3B231EF36E177A2A9 /* Decks.icns */ = {isa = PBXFileReference; lastKnownFileType = image.icns; name = Decks.icns; path = ../../Source/resources/Decks.icns; sourceTree = SOURCE_ROOT; };
		FABCFCA068AFF382EC0780C5 /* ControlComponent.h */ = {isa = PBXFileReference; lastKnownFileType = sourcecode.c.h; name = ControlComponent.h; path = ../../Source/ui/controls/ControlComponent.h; sourceTree = SOURCE_ROOT; };
		FC53E9DD51E94107FD486251 /* QuartzCore.framework */ = {isa = PBXFileReference; lastKnownFileType = wrapper.framework; name = QuartzCore.framework; path = System/Library/Frameworks/QuartzCore.framework; sourceTree = SDKROOT; };
		FFFB51E91E2BBD5023776511 /* QTKit.framework */ = {isa = PBXFileReference; lastKnownFileType = wrapper.framework; name = QTKit.framework; path = System/Library/Frameworks/QTKit.framework; sourceTree = SDKROOT; };
/* End PBXFileReference section */

/* Begin PBXFrameworksBuildPhase section */
		E01C919C5337055BFB1B233A /* Frameworks */ = {
			isa = PBXFrameworksBuildPhase;
			buildActionMask = 2147483647;
			files = (
				546479097D11645BAE395C9A /* Cocoa.framework in Frameworks */,
				9088445C006CCF8BC6B3FD08 /* Carbon.framework in Frameworks */,
				EBB4B5D54B9F55AC57A478F0 /* IOKit.framework in Frameworks */,
				2A385FEA82D61AF6C2D020C3 /* CoreAudio.framework in Frameworks */,
				AFE592CB0ABF21DB94E746FA /* CoreMIDI.framework in Frameworks */,
				BEBBC50F2100D9B469DCB27E /* WebKit.framework in Frameworks */,
				F5C7F04A04FD2A8E0E162A26 /* DiscRecording.framework in Frameworks */,
				7300D01BB1C7B77C1E0EB82A /* OpenGL.framework in Frameworks */,
				B4774EAD1D560D11B49A1EC3 /* QuartzCore.framework in Frameworks */,
				7B5E730C02A7145EE3B6382E /* QTKit.framework in Frameworks */,
				07EDB68D178C5C7635F58468 /* QuickTime.framework in Frameworks */,
			);
			runOnlyForDeploymentPostprocessing = 0;
		};
/* End PBXFrameworksBuildPhase section */

/* Begin PBXGroup section */
		017AA0A061CF080DBD504663 /* mixer */ = {
			isa = PBXGroup;
			children = (
				5DBB4D4F6E1842D181843161 /* Mixer.h */,
				902FBCF7E76529D2D40EDC52 /* Mixer.cpp */,
				25935F7B889DDAED4A18A9FF /* MixerChannelStrip.h */,
				0735B04B431D98AD78BFA858 /* MixerChannelStrip.cpp */,
				8ED22032CA501E9368A28C66 /* CrossFader.h */,
				70C9CB9C386D8C937451F08D /* CrossFader.cpp */,
				B87450A9B14162D2371EBED6 /* MasterChannelStrip.h */,
				37E1E04CBA55B23BA5A93467 /* MasterChannelStrip.cpp */,
			);
			name = mixer;
			sourceTree = "<group>";
		};
		0EEBC810E95FF71D45330402 /* Juce Library Code */ = {
			isa = PBXGroup;
			children = (
				91F404BD205EDEC23BBE9FD2 /* AppConfig.h */,
				5870DB6A2318032290CB0331 /* JuceHeader.h */,
				A8ACA0B29345EFF5769D9DA8 /* BinaryData.cpp */,
				8E3B1D49C63A28EAEC9CF2A3 /* BinaryData.h */,
			);
			name = "Juce Library Code";
			sourceTree = "<group>";
		};
		1A0CC1B0E6D406FE1366DC19 /* controls */ = {
			isa = PBXGroup;
			children = (
				FABCFCA068AFF382EC0780C5 /* ControlComponent.h */,
				425D6C09710560CAD13B64C5 /* ControlComponent.cpp */,
				DEC2A5CD412C6D13C8E3D3AB /* transport */,
				E4BB6FF10B6E6FEE1C836D1D /* draggable_display */,
				017AA0A061CF080DBD504663 /* mixer */,
				9645BE1FF36027BFB7A37F20 /* library */,
			);
			name = controls;
			sourceTree = "<group>";
		};
		48E05EEBC0DCD23ECF8E3DBF /* main */ = {
			isa = PBXGroup;
			children = (
				67242842297782815FFB94C3 /* ApplicationStartup.cpp */,
				64A311A017026C898F97711C /* CommandIDs.h */,
				40F437461414DDC8F5114067 /* DefaultSettings.h */,
				8C2BB5F921175543CCCA8659 /* Settings.h */,
				342DAFA1747A6C731022DBFC /* Settings.cpp */,
				4B94B3706DADFBFBFE570B35 /* UISettings.h */,
				B68C3E4EDD8FA27FC6C113C5 /* MixerSettings.h */,
				4E3A9B3216DFB0681EE1E4D7 /* audio */,
			);
			name = main;
			sourceTree = "<group>";
		};
		4E3A9B3216DFB0681EE1E4D7 /* audio */ = {
			isa = PBXGroup;
			children = (
				41AAD98A113E9B975FFE4BD5 /* dRowAudio_OverflowingAbstractFifo.h */,
				8CFD9E8B45B5659F0DB5EE3B /* dRowAudio_OverflowingAbstractFifo.cpp */,
				9FB9A2B0558CC15CA0555634 /* dRowAudio_SampleRateConverter.h */,
				BC6C917B6681B62CAB653562 /* dRowAudio_SampleRateConverter.cpp */,
				F0AF0113CCE8D463737B9DBC /* DecksAudioFormatManager.h */,
				5509BE7D3E60AF013A7E79ED /* DecksAudioFormatManager.cpp */,
				32AA67C67D2072FA2C7A62DD /* AudioEngine.h */,
				2C6D05330CE43257C6EEF3FB /* AudioEngine.cpp */,
				868FAD8819764D9DF712ECF1 /* DeckManager.h */,
				75E4F1D02D4324E833E2AB38 /* DeckManager.cpp */,
			);
			name = audio;
			sourceTree = "<group>";
		};
		890674A826B0DF06A65FE9B2 /* ui */ = {
			isa = PBXGroup;
			children = (
				4A410750948391619D696866 /* DecksColours.h */,
				42C38F1E71FE93C1BCE6EF42 /* DecksColours.cpp */,
				6E9749BC4FAAD9949A00C732 /* DecksLookAndFeel.h */,
				0C648E93ABE49244CBC7DBF4 /* DecksLookAndFeel.cpp */,
				181AB0DA7C77E51D953A3D24 /* MainAppWindow.h */,
				180BDA3231D2DCC2B887A5A2 /* MainAppWindow.cpp */,
				162D4DD3589A083BB4224DC0 /* ContainerComponent.h */,
				81EEA219C740584AD974F680 /* ContainerComponent.cpp */,
				709F48E0586393177D674A23 /* TitleBarComponent.h */,
				74BC264C88ECA91E28AB0147 /* TitleBarComponent.cpp */,
				1FD15C2501D15841EE0BA648 /* QuitScreen.h */,
				1128F9467AE70A704D9372B1 /* QuitScreen.cpp */,
				1A0CC1B0E6D406FE1366DC19 /* controls */,
				A2EA70C17C62F78392BB60B7 /* settings */,
			);
			name = ui;
			sourceTree = "<group>";
		};
		92A1BDF5F64141B310A7A8EE /* resources */ = {
			isa = PBXGroup;
			children = (
				FA320CB3B231EF36E177A2A9 /* Decks.icns */,
				4EA63BBA9D40D629510BFE98 /* Decks_icon.png */,
			);
			name = resources;
			sourceTree = "<group>";
		};
		9645BE1FF36027BFB7A37F20 /* library */ = {
			isa = PBXGroup;
			children = (
				F9DDFA9F9B94BB4C568CC26C /* Library.h */,
				07E489F85307F2098381C9F0 /* Library.cpp */,
				3143972EBC39C6C76456DF73 /* PrepareTable.h */,
				C203CF68F13A57F4C1E9A21E /* PrepareTable.cpp */,
			);
			name = library;
			sourceTree = "<group>";
		};
		9718D55145510452C82EC162 /* Source */ = {
			isa = PBXGroup;
			children = (
				48E05EEBC0DCD23ECF8E3DBF /* main */,
				890674A826B0DF06A65FE9B2 /* ui */,
				92A1BDF5F64141B310A7A8EE /* resources */,
			);
			name = Source;
			sourceTree = "<group>";
		};
		A2EA70C17C62F78392BB60B7 /* settings */ = {
			isa = PBXGroup;
			children = (
				E35C43256F242051E83FC23A /* SettingsComponent.h */,
				5D0B6763DF3FE6EAFDB02F5D /* SettingsComponent.cpp */,
				C313D1FAB5DEFB0EBBC2E62F /* MixerSettingsComponent.h */,
				D713F3EB0C0ADC86982CDC19 /* MixerSettingsComponent.cpp */,
			);
			name = settings;
			sourceTree = "<group>";
		};
		A7C59CEB977298DA713A6166 /* Source */ = {
			isa = PBXGroup;
			children = (
				9718D55145510452C82EC162 /* Source */,
				F29C2B4CEB7FCC057AA03247 /* Libraries */,
				0EEBC810E95FF71D45330402 /* Juce Library Code */,
				C35938F44DCB2C4B16470924 /* Resources */,
				D608FFC92435DE338695B475 /* Frameworks */,
				E10DCC458375397A609A08D1 /* Products */,
			);
			name = Source;
			sourceTree = "<group>";
		};
		C35938F44DCB2C4B16470924 /* Resources */ = {
			isa = PBXGroup;
			children = (
				CD5A4E23328FF2B91B579FA1 /* Info.plist */,
				0C9B2FDA3A1D70C8F696227F /* Icon.icns */,
			);
			name = Resources;
			sourceTree = "<group>";
		};
		D608FFC92435DE338695B475 /* Frameworks */ = {
			isa = PBXGroup;
			children = (
				EDE4229007ADD1A44F3024B0 /* Cocoa.framework */,
				2C3AA196BDEF123F117FEF54 /* Carbon.framework */,
				EEA5B50A1FD653D25CA68190 /* IOKit.framework */,
				9CF0B422990F5FE0B9F44614 /* CoreAudio.framework */,
				C3CBF31A2F0BEA6FBBB510CD /* CoreMIDI.framework */,
				5DA6DC73F996FC74908B920A /* WebKit.framework */,
				8D3921642AF1AE63DF470394 /* DiscRecording.framework */,
				47A5C470278A8899ED6807B9 /* OpenGL.framework */,
				FC53E9DD51E94107FD486251 /* QuartzCore.framework */,
				FFFB51E91E2BBD5023776511 /* QTKit.framework */,
				A2809A6C00A25BA650290D8D /* QuickTime.framework */,
			);
			name = Frameworks;
			sourceTree = "<group>";
		};
		DEC2A5CD412C6D13C8E3D3AB /* transport */ = {
			isa = PBXGroup;
			children = (
				4AE6BDB56E02299E5EC730D5 /* Transport.h */,
				EA03A3D554673EBFB93B0114 /* Transport.cpp */,
				EA3ED4C7BA4566967E202186 /* DeckTransport.h */,
				56AF2CD6832F42B03DD64DFD /* DeckTransport.cpp */,
				4CC12202EAE06D0E02A6AFBC /* TrackInfo.h */,
				1CF02085B2E92C13E060CD82 /* TrackInfo.cpp */,
				B315BE919D9B6E7E6D31E1BC /* LoopAndCuePoints.h */,
				2FD4941BA01E8EFBED8D6B5B /* LoopAndCuePoints.cpp */,
				96C4EEF2F522DCCA74718479 /* TrackSuggestions.h */,
				DA0B0A13B80A8FED183AF447 /* TrackSuggestions.cpp */,
				554920CAA015CC8AE0E0968D /* MixTypeComponent.h */,
				73488A74BA2DB98CE19BB585 /* MixTypeComponent.cpp */,
				E1819F0FF6A3DF647851AFB9 /* TrackSuggestionTable.h */,
				5C28FA4B86FBBD3E5C93A7FB /* TrackSuggestionTable.cpp */,
			);
			name = transport;
			sourceTree = "<group>";
		};
		E10DCC458375397A609A08D1 /* Products */ = {
			isa = PBXGroup;
			children = (
				EB76E0210168B8B95BC9EC13 /* Decks.app */,
			);
			name = Products;
			sourceTree = "<group>";
		};
		E4BB6FF10B6E6FEE1C836D1D /* draggable_display */ = {
			isa = PBXGroup;
			children = (
				C97BCA57A45504F5CB230048 /* DraggableDisplay.h */,
				824C20D102FB8069BE1A808F /* DraggableDisplay.cpp */,
			);
			name = draggable_display;
			sourceTree = "<group>";
		};
		F29C2B4CEB7FCC057AA03247 /* Libraries */ = {
			isa = PBXGroup;
			children = (
				900185FA9AA3D660772E3D4C /* dRowAudio.c */,
				F014390255E38DC7C7A46BDD /* dRowAudio.cpp */,
			);
			name = Libraries;
			sourceTree = "<group>";
		};
/* End PBXGroup section */

/* Begin PBXNativeTarget section */
		B428EAAFF8BB2A792CA5A0F8 /* Decks */ = {
			isa = PBXNativeTarget;
			buildConfigurationList = 852153EC32089D35AAE69CC8 /* Build configuration list for PBXNativeTarget "Decks" */;
			buildPhases = (
				505064D4AB4FB1E60837F09C /* Resources */,
				3CF760437A4BCB4372493539 /* Sources */,
				E01C919C5337055BFB1B233A /* Frameworks */,
			);
			buildRules = (
			);
			dependencies = (
			);
			name = Decks;
			productInstallPath = "$(HOME)/Applications";
			productName = Decks;
			productReference = EB76E0210168B8B95BC9EC13 /* Decks.app */;
			productType = "com.apple.product-type.application";
		};
/* End PBXNativeTarget section */

/* Begin PBXProject section */
		AFC27DE8E9C1486A98ABD55F /* Project object */ = {
			isa = PBXProject;
			buildConfigurationList = EDEF46A152A4E4ED0BE677D4 /* Build configuration list for PBXProject "Decks" */;
			compatibilityVersion = "Xcode 3.1";
			hasScannedForEncodings = 0;
			mainGroup = A7C59CEB977298DA713A6166 /* Source */;
			projectDirPath = "";
			projectRoots = (
				"",
				../..,
			);
			targets = (
				B428EAAFF8BB2A792CA5A0F8 /* Decks */,
			);
		};
/* End PBXProject section */

/* Begin PBXResourcesBuildPhase section */
		505064D4AB4FB1E60837F09C /* Resources */ = {
			isa = PBXResourcesBuildPhase;
			buildActionMask = 2147483647;
			files = (
				836029042E33FC8B64526F09 /* Icon.icns in Resources */,
			);
			runOnlyForDeploymentPostprocessing = 0;
		};
/* End PBXResourcesBuildPhase section */

/* Begin PBXSourcesBuildPhase section */
		3CF760437A4BCB4372493539 /* Sources */ = {
			isa = PBXSourcesBuildPhase;
			buildActionMask = 2147483647;
			files = (
				9F7A7F13113B822AC97333E4 /* ApplicationStartup.cpp in Sources */,
				6C9111989B6F487A8B611771 /* Settings.cpp in Sources */,
				4F9A2A457DCADBDB3F444311 /* dRowAudio_OverflowingAbstractFifo.cpp in Sources */,
				8E434997C82DE2F8D71A94D1 /* dRowAudio_SampleRateConverter.cpp in Sources */,
				1221215FE2731751C6197959 /* DecksAudioFormatManager.cpp in Sources */,
				095EE384B807EB3B24D19F4C /* AudioEngine.cpp in Sources */,
				E1C37F7BF0772A00EEDE57F2 /* DeckManager.cpp in Sources */,
				523BC796DAB63590A8C2862F /* DecksColours.cpp in Sources */,
				C03637BDF14CE773A2EB2DAA /* DecksLookAndFeel.cpp in Sources */,
				70907C01255F6EC48A973F1A /* MainAppWindow.cpp in Sources */,
				71F00C8EA46C100F30023F74 /* ContainerComponent.cpp in Sources */,
				F31FA52310982AC923DEC137 /* TitleBarComponent.cpp in Sources */,
				ECA3D19E104B60E9D702B3C1 /* QuitScreen.cpp in Sources */,
				992E7E2A85BC2B0DA91CE4D1 /* ControlComponent.cpp in Sources */,
				107FD22A0CF75C115E7C0E98 /* Transport.cpp in Sources */,
				950FB4F0C78DC7E007D889DD /* DeckTransport.cpp in Sources */,
				DE761B07B4378012249A219A /* TrackInfo.cpp in Sources */,
				3A45D6069BBDBDC80AF04683 /* LoopAndCuePoints.cpp in Sources */,
				7411A6083EE338A6F5E78FF0 /* TrackSuggestions.cpp in Sources */,
				83674BC58CDAFB35120BCB26 /* MixTypeComponent.cpp in Sources */,
				64CF3A745B54B3C91094A7BD /* TrackSuggestionTable.cpp in Sources */,
				D26BE6FC18104431FFBA8DF2 /* DraggableDisplay.cpp in Sources */,
				B3AE7DFD2D22DAB9D3CB6F56 /* Mixer.cpp in Sources */,
				EE10433CD3B6DA34B8C97316 /* MixerChannelStrip.cpp in Sources */,
				66A178CFE8C3BEBD22836BB8 /* CrossFader.cpp in Sources */,
				E516D163C99889F122A1BC73 /* MasterChannelStrip.cpp in Sources */,
				CE65A8C18113D8E6EA110797 /* Library.cpp in Sources */,
				A1984571061AF3415BE612DB /* PrepareTable.cpp in Sources */,
				28EAFEE2B4342C7B80A78E91 /* SettingsComponent.cpp in Sources */,
				EDAEB7FBFDBBCD260E732461 /* MixerSettingsComponent.cpp in Sources */,
				41A664A86809A86631F074A0 /* dRowAudio.c in Sources */,
				452B9A09C04FB0903CE700EE /* dRowAudio.cpp in Sources */,
				325FC2FDC0892B2AFA289123 /* BinaryData.cpp in Sources */,
			);
			runOnlyForDeploymentPostprocessing = 0;
		};
/* End PBXSourcesBuildPhase section */

/* Begin XCBuildConfiguration section */
		24FC9DF6BF90C087BE65AC1A /* Release */ = {
			isa = XCBuildConfiguration;
			buildSettings = {
				ALWAYS_SEARCH_USER_PATHS = NO;
				DEBUG_INFORMATION_FORMAT = dwarf;
				GCC_C_LANGUAGE_STANDARD = c99;
				GCC_INLINES_ARE_PRIVATE_EXTERN = NO;
				GCC_MODEL_TUNING = G5;
				GCC_SYMBOLS_PRIVATE_EXTERN = NO;
				GCC_WARN_ABOUT_RETURN_TYPE = YES;
				GCC_WARN_CHECK_SWITCH_STATEMENTS = YES;
				GCC_WARN_MISSING_PARENTHESES = YES;
				GCC_WARN_NON_VIRTUAL_DESTRUCTOR = YES;
				GCC_WARN_TYPECHECK_CALLS_TO_PRINTF = YES;
				GCC_WARN_UNUSED_VARIABLE = YES;
				PRODUCT_NAME = Decks;
				WARNING_CFLAGS = "-Wreorder";
				ZERO_LINK = NO;
			};
			name = Release;
		};
		3166EA8BE6D9BEF189879A07 /* Debug */ = {
			isa = XCBuildConfiguration;
			buildSettings = {
				ALWAYS_SEARCH_USER_PATHS = NO;
				DEBUG_INFORMATION_FORMAT = dwarf;
				GCC_C_LANGUAGE_STANDARD = c99;
				GCC_INLINES_ARE_PRIVATE_EXTERN = NO;
				GCC_MODEL_TUNING = G5;
				GCC_SYMBOLS_PRIVATE_EXTERN = NO;
				GCC_WARN_ABOUT_RETURN_TYPE = YES;
				GCC_WARN_CHECK_SWITCH_STATEMENTS = YES;
				GCC_WARN_MISSING_PARENTHESES = YES;
				GCC_WARN_NON_VIRTUAL_DESTRUCTOR = YES;
				GCC_WARN_TYPECHECK_CALLS_TO_PRINTF = YES;
				GCC_WARN_UNUSED_VARIABLE = YES;
				PRODUCT_NAME = Decks;
				WARNING_CFLAGS = "-Wreorder";
				ZERO_LINK = NO;
			};
			name = Debug;
		};
		40B42CC1214F4EF280E8053A /* Release */ = {
			isa = XCBuildConfiguration;
			buildSettings = {
				GCC_GENERATE_DEBUGGING_SYMBOLS = NO;
				GCC_OPTIMIZATION_LEVEL = s;
				GCC_PREPROCESSOR_DEFINITIONS = (
					"_NDEBUG=1",
					"NDEBUG=1",
					"JUCE_ObjCExtraSuffix=h0HpWI",
					"JUCER_XCODE_MAC_F6D2F4CF=1",
				);
				GCC_SYMBOLS_PRIVATE_EXTERN = YES;
				HEADER_SEARCH_PATHS = (
					"$(inherited)",
				);
				INFOPLIST_FILE = Info.plist;
				INSTALL_PATH = "$(HOME)/Applications";
				LIBRARY_SEARCH_PATHS = (
					"$(inherited)",
					"\"$(SRCROOT)/../../../../../juce_source/juce/bin\"",
				);
				MACOSX_DEPLOYMENT_TARGET_ppc = 10.4;
				OTHER_LDFLAGS = (
					"-ljuce",
					"-framework",
					Accelerate,
				);
				PREBINDING = NO;
			};
			name = Release;
		};
		B618935E07D7A9187A9C8662 /* Debug */ = {
			isa = XCBuildConfiguration;
			buildSettings = {
				COPY_PHASE_STRIP = NO;
				GCC_DYNAMIC_NO_PIC = NO;
				GCC_ENABLE_FIX_AND_CONTINUE = NO;
				GCC_OPTIMIZATION_LEVEL = 0;
				GCC_PREPROCESSOR_DEFINITIONS = (
					"_DEBUG=1",
					"DEBUG=1",
					"JUCE_ObjCExtraSuffix=h0HpWI",
					"JUCER_XCODE_MAC_F6D2F4CF=1",
				);
				HEADER_SEARCH_PATHS = (
					"$(inherited)",
				);
				INFOPLIST_FILE = Info.plist;
				INSTALL_PATH = "$(HOME)/Applications";
				LIBRARY_SEARCH_PATHS = (
					"$(inherited)",
					"\"$(SRCROOT)/../../../../../juce_source/juce/bin\"",
				);
				MACOSX_DEPLOYMENT_TARGET_ppc = 10.4;
				ONLY_ACTIVE_ARCH = YES;
				OTHER_LDFLAGS = (
					"-ljucedebug",
					"-framework",
					Accelerate,
				);
				PREBINDING = NO;
			};
			name = Debug;
		};
/* End XCBuildConfiguration section */

/* Begin XCConfigurationList section */
		852153EC32089D35AAE69CC8 /* Build configuration list for PBXNativeTarget "Decks" */ = {
			isa = XCConfigurationList;
			buildConfigurations = (
				B618935E07D7A9187A9C8662 /* Debug */,
				40B42CC1214F4EF280E8053A /* Release */,
			);
			defaultConfigurationIsVisible = 0;
			defaultConfigurationName = Debug;
		};
		EDEF46A152A4E4ED0BE677D4 /* Build configuration list for PBXProject "Decks" */ = {
			isa = XCConfigurationList;
			buildConfigurations = (
				3166EA8BE6D9BEF189879A07 /* Debug */,
				24FC9DF6BF90C087BE65AC1A /* Release */,
			);
			defaultConfigurationIsVisible = 0;
			defaultConfigurationName = Debug;
		};
/* End XCConfigurationList section */
	};
	rootObject = AFC27DE8E9C1486A98ABD55F /* Project object */;
}
