Microsoft Visual Studio Solution File, Format Version 10.00
# Visual C++ Express 2008
Project("{E05EB16E-6F26-9A1E-D0B5-F3F6383D82C9}") = "Network Audio Streamer", "Network Audio Streamer.vcproj", "{494A682B-8C83-BEF4-293C-91AA5081C10A}"
EndProject
Global
	GlobalSection(SolutionConfigurationPlatforms) = preSolution
		Debug|Win32 = Debug|Win32
		Release|Win32 = Release|Win32
	EndGlobalSection
	GlobalSection(ProjectConfigurationPlatforms) = postSolution
		{494A682B-8C83-BEF4-293C-91AA5081C10A}.Debug|Win32.ActiveCfg = Debug|Win32
		{494A682B-8C83-BEF4-293C-91AA5081C10A}.Debug|Win32.Build.0 = Debug|Win32
		{494A682B-8C83-BEF4-293C-91AA5081C10A}.Release|Win32.ActiveCfg = Release|Win32
		{494A682B-8C83-BEF4-293C-91AA5081C10A}.Release|Win32.Build.0 = Release|Win32
	EndGlobalSection
	GlobalSection(SolutionProperties) = preSolution
		HideSolutionNode = FALSE
	EndGlobalSection
EndGlobal
