Microsoft Visual Studio Solution File, Format Version 11.00
# Visual Studio 2010
Project("{45D1D6F1-D776-2729-D2E3-3F46EE9C65EC}") = "dRowAudio Demo", "dRowAudio Demo.vcxproj", "{10146CB2-A72B-3FDC-7BE0-DA51AF6AE401}"
EndProject
Global
	GlobalSection(SolutionConfigurationPlatforms) = preSolution
		Debug|Win32 = Debug|Win32
		Release|Win32 = Release|Win32
	EndGlobalSection
	GlobalSection(ProjectConfigurationPlatforms) = postSolution
		{10146CB2-A72B-3FDC-7BE0-DA51AF6AE401}.Debug|Win32.ActiveCfg = Debug|Win32
		{10146CB2-A72B-3FDC-7BE0-DA51AF6AE401}.Debug|Win32.Build.0 = Debug|Win32
		{10146CB2-A72B-3FDC-7BE0-DA51AF6AE401}.Release|Win32.ActiveCfg = Release|Win32
		{10146CB2-A72B-3FDC-7BE0-DA51AF6AE401}.Release|Win32.Build.0 = Release|Win32
	EndGlobalSection
	GlobalSection(SolutionProperties) = preSolution
		HideSolutionNode = FALSE
	EndGlobalSection
EndGlobal
