// !$*UTF8*$!
{
	archiveVersion = 1;
	classes = {
	};
	objectVersion = 45;
	objects = {

/* Begin PBXBuildFile section */
		1194350F37D20D10FC75986F /* juce_events.mm in Sources */ = {isa = PBXBuildFile; fileRef = 73BB754F4351DE37482AE961 /* juce_events.mm */; };
		1B89A43F6470F4DFC13E5594 /* Accelerate.framework in Frameworks */ = {isa = PBXBuildFile; fileRef = D16937FF8B9B1370239FDBC2 /* Accelerate.framework */; };
		2713A628E5E079D591383FFB /* juce_data_structures.mm in Sources */ = {isa = PBXBuildFile; fileRef = B3FB67791A011EAEEDE91A69 /* juce_data_structures.mm */; };
		38907996C0CEE0B324379A34 /* TrackInfoComponent.cpp in Sources */ = {isa = PBXBuildFile; fileRef = FCC8FBB3A07CEC6CD58A5255 /* TrackInfoComponent.cpp */; };
		3C0A5379AE219D4B2CC471E6 /* juce_gui_extra.mm in Sources */ = {isa = PBXBuildFile; fileRef = B5239989EB94DD03C927E5C3 /* juce_gui_extra.mm */; };
		411CFE3488DB9834D05832F8 /* juce_core.mm in Sources */ = {isa = PBXBuildFile; fileRef = 45F9EA1530DA6D8BBB452430 /* juce_core.mm */; };
		444D326046F03770E9AEB643 /* Cocoa.framework in Frameworks */ = {isa = PBXBuildFile; fileRef = 175937C6192FB31D09EBC71C /* Cocoa.framework */; };
		53BF8FC087AD23FCFDFAC5F2 /* TransportComponent.cpp in Sources */ = {isa = PBXBuildFile; fileRef = 7B0C9C3247900045186C676D /* TransportComponent.cpp */; };
		55161EB114A3702600445ECE /* Spectroscope.cpp in Sources */ = {isa = PBXBuildFile; fileRef = 55161EAF14A3702600445ECE /* Spectroscope.cpp */; };
		551622DC14A5045200445ECE /* Sonogram.cpp in Sources */ = {isa = PBXBuildFile; fileRef = 551622DA14A5045200445ECE /* Sonogram.cpp */; };
		5573CA6214A75952004A8E5F /* PitchTracker.cpp in Sources */ = {isa = PBXBuildFile; fileRef = 5573CA6014A75952004A8E5F /* PitchTracker.cpp */; };
		5573CA7B14A9FBF9004A8E5F /* DistortionComponent.cpp in Sources */ = {isa = PBXBuildFile; fileRef = 5573CA7A14A9FBF9004A8E5F /* DistortionComponent.cpp */; };
		5573CAB714AA0F0A004A8E5F /* BufferTransformAudioSource.cpp in Sources */ = {isa = PBXBuildFile; fileRef = 5573CAB514AA0F0A004A8E5F /* BufferTransformAudioSource.cpp */; };
		55A6EAD114A1361500677C51 /* ConnectionComponent.cpp in Sources */ = {isa = PBXBuildFile; fileRef = 55A6EAC914A1361500677C51 /* ConnectionComponent.cpp */; };
		55A6EAD214A1361500677C51 /* LocalDirectoryListBox.cpp in Sources */ = {isa = PBXBuildFile; fileRef = 55A6EACB14A1361500677C51 /* LocalDirectoryListBox.cpp */; };
		55A6EAD314A1361500677C51 /* NetworkDemo.cpp in Sources */ = {isa = PBXBuildFile; fileRef = 55A6EACD14A1361500677C51 /* NetworkDemo.cpp */; };
		55A6EAD414A1361500677C51 /* RemoteDirectoryListBox.cpp in Sources */ = {isa = PBXBuildFile; fileRef = 55A6EACF14A1361500677C51 /* RemoteDirectoryListBox.cpp */; };
		55A6EB0014A1389500677C51 /* libcurl.dylib in Frameworks */ = {isa = PBXBuildFile; fileRef = 55A6EAFF14A1389500677C51 /* libcurl.dylib */; };
		55A6EB9714A2373100677C51 /* FFTDemo.cpp in Sources */ = {isa = PBXBuildFile; fileRef = 55A6EB9614A2373100677C51 /* FFTDemo.cpp */; };
		55A6EC5314A2B61E00677C51 /* dRowAudio.mm in Sources */ = {isa = PBXBuildFile; fileRef = 55A6EC5214A2B61E00677C51 /* dRowAudio.mm */; };
		55F04C0F14ABF05100244EF6 /* DistortionDemo.cpp in Sources */ = {isa = PBXBuildFile; fileRef = 55F04C0E14ABF05100244EF6 /* DistortionDemo.cpp */; };
		55F04C2F14ABF35000244EF6 /* DemoLookAndFeel.cpp in Sources */ = {isa = PBXBuildFile; fileRef = 55F04C2E14ABF35000244EF6 /* DemoLookAndFeel.cpp */; };
		56395F7B8428F72AFBA86DF2 /* AudioToolbox.framework in Frameworks */ = {isa = PBXBuildFile; fileRef = 84484BC5CE686760F331B64A /* AudioToolbox.framework */; };
		590919F2EECA27287BF1A28C /* AudioPlaybackDemo.cpp in Sources */ = {isa = PBXBuildFile; fileRef = 24337B3A547FF98BBFE5AB05 /* AudioPlaybackDemo.cpp */; };
		7778EF6CD7053965412F5AD3 /* juce_audio_formats.mm in Sources */ = {isa = PBXBuildFile; fileRef = 666E9F98DAF3EF4795CB8340 /* juce_audio_formats.mm */; };
		84D5444C3400ACD793DBBDDC /* LoopComponent.cpp in Sources */ = {isa = PBXBuildFile; fileRef = 5CC6B422A997852FC790179D /* LoopComponent.cpp */; };
		8C0CEBD27FF4EEA902C4085A /* juce_audio_utils.mm in Sources */ = {isa = PBXBuildFile; fileRef = 080BC9DBB9EF8ED581C4A92F /* juce_audio_utils.mm */; };
		95E91DFC555B337FFB554B52 /* WebKit.framework in Frameworks */ = {isa = PBXBuildFile; fileRef = 2599121D87CAAE0F7A1670CD /* WebKit.framework */; };
		9CDDEF3F6F02406D4C06473D /* juce_audio_basics.mm in Sources */ = {isa = PBXBuildFile; fileRef = 78DDDE286EE92081E0513495 /* juce_audio_basics.mm */; };
		9D73EC49878AFD2B43A78949 /* DiscRecording.framework in Frameworks */ = {isa = PBXBuildFile; fileRef = 44D542C670A563F9D5E68294 /* DiscRecording.framework */; };
		A02D8C38847BC82CE012B8B2 /* CoreMIDI.framework in Frameworks */ = {isa = PBXBuildFile; fileRef = 8EADA83178E3CB59706B855C /* CoreMIDI.framework */; };
		A1D4225D2771BB053058481C /* MainWindow.cpp in Sources */ = {isa = PBXBuildFile; fileRef = 0CA9296C157F338168B6437C /* MainWindow.cpp */; };
		A7BDBE5228A649F79D78CB5B /* MainComponent.cpp in Sources */ = {isa = PBXBuildFile; fileRef = 898FC8256B1BDD01C788DA6A /* MainComponent.cpp */; };
		AB4F65E61D02CC0C492306A1 /* juce_audio_devices.mm in Sources */ = {isa = PBXBuildFile; fileRef = 67AD6B1BB456AF9E4E53EF43 /* juce_audio_devices.mm */; };
		C53A24F00D46AFAB82A4B190 /* Carbon.framework in Frameworks */ = {isa = PBXBuildFile; fileRef = 7DFDE1320996809EC89E1885 /* Carbon.framework */; };
		CE3A8AD3B27EED71F2A28DBD /* juce_graphics.mm in Sources */ = {isa = PBXBuildFile; fileRef = EE359DBEED65B9B84B9F903B /* juce_graphics.mm */; };
		D1BE18C4B9A3301A0A7DB80D /* juce_audio_processors.mm in Sources */ = {isa = PBXBuildFile; fileRef = 6CD748A5CE80B16B4E4E2D89 /* juce_audio_processors.mm */; };
		D9422A8612B91E1A0029ED36 /* Main.cpp in Sources */ = {isa = PBXBuildFile; fileRef = 6C972B7B6DE382DBB2B43B73 /* Main.cpp */; };
		E551D20036C4EC738508C1E5 /* CoreAudio.framework in Frameworks */ = {isa = PBXBuildFile; fileRef = 7BC02000EE516D4A623C6552 /* CoreAudio.framework */; };
		F22F65DAB117D799E0C5DBB9 /* IOKit.framework in Frameworks */ = {isa = PBXBuildFile; fileRef = 5EF217055B41C216557236A6 /* IOKit.framework */; };
		F3457666D359A903CB0DDD2C /* QuartzCore.framework in Frameworks */ = {isa = PBXBuildFile; fileRef = 8E60D92746C277E4137E3CB8 /* QuartzCore.framework */; };
		F729229340032903C8FB6C9F /* juce_gui_basics.mm in Sources */ = {isa = PBXBuildFile; fileRef = ED470C4734966E2B452C4F3D /* juce_gui_basics.mm */; };
/* End PBXBuildFile section */

/* Begin PBXFileReference section */
		080BC9DBB9EF8ED581C4A92F /* juce_audio_utils.mm */ = {isa = PBXFileReference; lastKnownFileType = sourcecode.cpp.objcpp; name = juce_audio_utils.mm; path = ../../../../../../juce_source/juce/modules/juce_audio_utils/juce_audio_utils.mm; sourceTree = SOURCE_ROOT; };
		0AC2382300FDE0397BBFBDE0 /* dRowAudio Demo.app */ = {isa = PBXFileReference; explicitFileType = wrapper.application; includeInIndex = 0; path = "dRowAudio Demo.app"; sourceTree = BUILT_PRODUCTS_DIR; };
		0CA9296C157F338168B6437C /* MainWindow.cpp */ = {isa = PBXFileReference; lastKnownFileType = sourcecode.cpp.cpp; name = MainWindow.cpp; path = ../../Source/MainWindow.cpp; sourceTree = SOURCE_ROOT; };
		0EA9B4EC95C93907AB1CFECD /* AppConfig.h */ = {isa = PBXFileReference; lastKnownFileType = sourcecode.c.h; name = AppConfig.h; path = ../../JuceLibraryCode/AppConfig.h; sourceTree = SOURCE_ROOT; };
		175937C6192FB31D09EBC71C /* Cocoa.framework */ = {isa = PBXFileReference; lastKnownFileType = wrapper.framework; name = Cocoa.framework; path = System/Library/Frameworks/Cocoa.framework; sourceTree = SDKROOT; };
		24337B3A547FF98BBFE5AB05 /* AudioPlaybackDemo.cpp */ = {isa = PBXFileReference; lastKnownFileType = sourcecode.cpp.cpp; name = AudioPlaybackDemo.cpp; path = ../../Source/AudioPlaybackDemo.cpp; sourceTree = SOURCE_ROOT; };
		2599121D87CAAE0F7A1670CD /* WebKit.framework */ = {isa = PBXFileReference; lastKnownFileType = wrapper.framework; name = WebKit.framework; path = System/Library/Frameworks/WebKit.framework; sourceTree = SDKROOT; };
		44D542C670A563F9D5E68294 /* DiscRecording.framework */ = {isa = PBXFileReference; lastKnownFileType = wrapper.framework; name = DiscRecording.framework; path = System/Library/Frameworks/DiscRecording.framework; sourceTree = SDKROOT; };
		45F9EA1530DA6D8BBB452430 /* juce_core.mm */ = {isa = PBXFileReference; lastKnownFileType = sourcecode.cpp.objcpp; name = juce_core.mm; path = ../../../../../../juce_source/juce/modules/juce_core/juce_core.mm; sourceTree = SOURCE_ROOT; };
		4FEA7CC34128B23C8DA2884B /* Info.plist */ = {isa = PBXFileReference; lastKnownFileType = text.plist.xml; path = Info.plist; sourceTree = SOURCE_ROOT; };
		55161EAF14A3702600445ECE /* Spectroscope.cpp */ = {isa = PBXFileReference; fileEncoding = 4; lastKnownFileType = sourcecode.cpp.cpp; name = Spectroscope.cpp; path = ../../Source/fft/Spectroscope.cpp; sourceTree = SOURCE_ROOT; };
		55161EB014A3702600445ECE /* Spectroscope.h */ = {isa = PBXFileReference; fileEncoding = 4; lastKnownFileType = sourcecode.c.h; name = Spectroscope.h; path = ../../Source/fft/Spectroscope.h; sourceTree = SOURCE_ROOT; };
		551621A814A4DAF900445ECE /* dRowAudio_SoundTouchAudioSource.cpp */ = {isa = PBXFileReference; fileEncoding = 4; lastKnownFileType = sourcecode.cpp.cpp; name = dRowAudio_SoundTouchAudioSource.cpp; path = ../../../../dRowAudio/audio/dRowAudio_SoundTouchAudioSource.cpp; sourceTree = SOURCE_ROOT; };
		551621A914A4DAF900445ECE /* dRowAudio_SoundTouchAudioSource.h */ = {isa = PBXFileReference; fileEncoding = 4; lastKnownFileType = sourcecode.c.h; name = dRowAudio_SoundTouchAudioSource.h; path = ../../../../dRowAudio/audio/dRowAudio_SoundTouchAudioSource.h; sourceTree = SOURCE_ROOT; };
		551621AA14A4DAF900445ECE /* dRowAudio_SoundTouchProcessor.cpp */ = {isa = PBXFileReference; fileEncoding = 4; lastKnownFileType = sourcecode.cpp.cpp; name = dRowAudio_SoundTouchProcessor.cpp; path = ../../../../dRowAudio/audio/dRowAudio_SoundTouchProcessor.cpp; sourceTree = SOURCE_ROOT; };
		551621AB14A4DAF900445ECE /* dRowAudio_SoundTouchProcessor.h */ = {isa = PBXFileReference; fileEncoding = 4; lastKnownFileType = sourcecode.c.h; name = dRowAudio_SoundTouchProcessor.h; path = ../../../../dRowAudio/audio/dRowAudio_SoundTouchProcessor.h; sourceTree = SOURCE_ROOT; };
		551621BB14A4DC4B00445ECE /* dRowAudio_AudioFilePlayerExt.cpp */ = {isa = PBXFileReference; fileEncoding = 4; lastKnownFileType = sourcecode.cpp.cpp; name = dRowAudio_AudioFilePlayerExt.cpp; path = ../../../../dRowAudio/audio/dRowAudio_AudioFilePlayerExt.cpp; sourceTree = SOURCE_ROOT; };
		551621BC14A4DC4B00445ECE /* dRowAudio_AudioFilePlayerExt.h */ = {isa = PBXFileReference; fileEncoding = 4; lastKnownFileType = sourcecode.c.h; name = dRowAudio_AudioFilePlayerExt.h; path = ../../../../dRowAudio/audio/dRowAudio_AudioFilePlayerExt.h; sourceTree = SOURCE_ROOT; };
		551622DA14A5045200445ECE /* Sonogram.cpp */ = {isa = PBXFileReference; fileEncoding = 4; lastKnownFileType = sourcecode.cpp.cpp; name = Sonogram.cpp; path = ../../Source/fft/Sonogram.cpp; sourceTree = SOURCE_ROOT; };
		551622DB14A5045200445ECE /* Sonogram.h */ = {isa = PBXFileReference; fileEncoding = 4; lastKnownFileType = sourcecode.c.h; name = Sonogram.h; path = ../../Source/fft/Sonogram.h; sourceTree = SOURCE_ROOT; };
		5573CA6014A75952004A8E5F /* PitchTracker.cpp */ = {isa = PBXFileReference; fileEncoding = 4; lastKnownFileType = sourcecode.cpp.cpp; name = PitchTracker.cpp; path = ../../Source/fft/PitchTracker.cpp; sourceTree = SOURCE_ROOT; };
		5573CA6114A75952004A8E5F /* PitchTracker.h */ = {isa = PBXFileReference; fileEncoding = 4; lastKnownFileType = sourcecode.c.h; name = PitchTracker.h; path = ../../Source/fft/PitchTracker.h; sourceTree = SOURCE_ROOT; };
		5573CA7914A9FBF9004A8E5F /* DistortionComponent.h */ = {isa = PBXFileReference; fileEncoding = 4; lastKnownFileType = sourcecode.c.h; name = DistortionComponent.h; path = ../../Source/playback/DistortionComponent.h; sourceTree = SOURCE_ROOT; };
		5573CA7A14A9FBF9004A8E5F /* DistortionComponent.cpp */ = {isa = PBXFileReference; fileEncoding = 4; lastKnownFileType = sourcecode.cpp.cpp; name = DistortionComponent.cpp; path = ../../Source/playback/DistortionComponent.cpp; sourceTree = SOURCE_ROOT; };
		5573CA8C14AA069D004A8E5F /* CurvePoint.h */ = {isa = PBXFileReference; fileEncoding = 4; lastKnownFileType = sourcecode.c.h; name = CurvePoint.h; path = ../../Source/playback/CurvePoint.h; sourceTree = SOURCE_ROOT; };
		5573CAB514AA0F0A004A8E5F /* BufferTransformAudioSource.cpp */ = {isa = PBXFileReference; fileEncoding = 4; lastKnownFileType = sourcecode.cpp.cpp; name = BufferTransformAudioSource.cpp; path = ../../Source/playback/BufferTransformAudioSource.cpp; sourceTree = SOURCE_ROOT; };
		5573CAB614AA0F0A004A8E5F /* BufferTransformAudioSource.h */ = {isa = PBXFileReference; fileEncoding = 4; lastKnownFileType = sourcecode.c.h; name = BufferTransformAudioSource.h; path = ../../Source/playback/BufferTransformAudioSource.h; sourceTree = SOURCE_ROOT; };
		5573CBCD14AA4BEE004A8E5F /* dRowAudio_DraggableWaveDisplay.cpp */ = {isa = PBXFileReference; fileEncoding = 4; lastKnownFileType = sourcecode.cpp.cpp; name = dRowAudio_DraggableWaveDisplay.cpp; path = ../../../../dRowAudio/gui/audiothumbnail/dRowAudio_DraggableWaveDisplay.cpp; sourceTree = SOURCE_ROOT; };
		5573CBCE14AA4BEE004A8E5F /* dRowAudio_DraggableWaveDisplay.h */ = {isa = PBXFileReference; fileEncoding = 4; lastKnownFileType = sourcecode.c.h; name = dRowAudio_DraggableWaveDisplay.h; path = ../../../../dRowAudio/gui/audiothumbnail/dRowAudio_DraggableWaveDisplay.h; sourceTree = SOURCE_ROOT; };
		5573CBCF14AA4CDE004A8E5F /* dRowAudio_PositionableWaveDisplay.cpp */ = {isa = PBXFileReference; fileEncoding = 4; lastKnownFileType = sourcecode.cpp.cpp; name = dRowAudio_PositionableWaveDisplay.cpp; path = ../../../../dRowAudio/gui/audiothumbnail/dRowAudio_PositionableWaveDisplay.cpp; sourceTree = SOURCE_ROOT; };
		5573CBD014AA4CDE004A8E5F /* dRowAudio_PositionableWaveDisplay.h */ = {isa = PBXFileReference; fileEncoding = 4; lastKnownFileType = sourcecode.c.h; name = dRowAudio_PositionableWaveDisplay.h; path = ../../../../dRowAudio/gui/audiothumbnail/dRowAudio_PositionableWaveDisplay.h; sourceTree = SOURCE_ROOT; };
		55A6EAC914A1361500677C51 /* ConnectionComponent.cpp */ = {isa = PBXFileReference; fileEncoding = 4; lastKnownFileType = sourcecode.cpp.cpp; path = ConnectionComponent.cpp; sourceTree = "<group>"; };
		55A6EACA14A1361500677C51 /* ConnectionComponent.h */ = {isa = PBXFileReference; fileEncoding = 4; lastKnownFileType = sourcecode.c.h; path = ConnectionComponent.h; sourceTree = "<group>"; };
		55A6EACB14A1361500677C51 /* LocalDirectoryListBox.cpp */ = {isa = PBXFileReference; fileEncoding = 4; lastKnownFileType = sourcecode.cpp.cpp; path = LocalDirectoryListBox.cpp; sourceTree = "<group>"; };
		55A6EACC14A1361500677C51 /* LocalDirectoryListBox.h */ = {isa = PBXFileReference; fileEncoding = 4; lastKnownFileType = sourcecode.c.h; path = LocalDirectoryListBox.h; sourceTree = "<group>"; };
		55A6EACD14A1361500677C51 /* NetworkDemo.cpp */ = {isa = PBXFileReference; fileEncoding = 4; lastKnownFileType = sourcecode.cpp.cpp; path = NetworkDemo.cpp; sourceTree = "<group>"; };
		55A6EACE14A1361500677C51 /* NetworkDemo.h */ = {isa = PBXFileReference; fileEncoding = 4; lastKnownFileType = sourcecode.c.h; path = NetworkDemo.h; sourceTree = "<group>"; };
		55A6EACF14A1361500677C51 /* RemoteDirectoryListBox.cpp */ = {isa = PBXFileReference; fileEncoding = 4; lastKnownFileType = sourcecode.cpp.cpp; path = RemoteDirectoryListBox.cpp; sourceTree = "<group>"; };
		55A6EAD014A1361500677C51 /* RemoteDirectoryListBox.h */ = {isa = PBXFileReference; fileEncoding = 4; lastKnownFileType = sourcecode.c.h; path = RemoteDirectoryListBox.h; sourceTree = "<group>"; };
		55A6EAFF14A1389500677C51 /* libcurl.dylib */ = {isa = PBXFileReference; lastKnownFileType = "compiled.mach-o.dylib"; name = libcurl.dylib; path = /usr/local/lib/libcurl.dylib; sourceTree = "<absolute>"; };
		55A6EB9514A2373100677C51 /* FFTDemo.h */ = {isa = PBXFileReference; fileEncoding = 4; lastKnownFileType = sourcecode.c.h; name = FFTDemo.h; path = ../../Source/fft/FFTDemo.h; sourceTree = SOURCE_ROOT; };
		55A6EB9614A2373100677C51 /* FFTDemo.cpp */ = {isa = PBXFileReference; fileEncoding = 4; lastKnownFileType = sourcecode.cpp.cpp; name = FFTDemo.cpp; path = ../../Source/fft/FFTDemo.cpp; sourceTree = SOURCE_ROOT; };
		55A6EBB714A23A1000677C51 /* dRowAudio_FFTEngine.cpp */ = {isa = PBXFileReference; fileEncoding = 4; lastKnownFileType = sourcecode.cpp.cpp; path = dRowAudio_FFTEngine.cpp; sourceTree = "<group>"; };
		55A6EBB814A23A1000677C51 /* dRowAudio_FFTEngine.h */ = {isa = PBXFileReference; fileEncoding = 4; lastKnownFileType = sourcecode.c.h; path = dRowAudio_FFTEngine.h; sourceTree = "<group>"; };
		55A6EBB914A23A1000677C51 /* dRowAudio_FFTOperation.h */ = {isa = PBXFileReference; fileEncoding = 4; lastKnownFileType = sourcecode.c.h; path = dRowAudio_FFTOperation.h; sourceTree = "<group>"; };
		55A6EBBA14A23A1000677C51 /* dRowAudio_mac_FFTOperation.cpp */ = {isa = PBXFileReference; fileEncoding = 4; lastKnownFileType = sourcecode.cpp.cpp; path = dRowAudio_mac_FFTOperation.cpp; sourceTree = "<group>"; };
		55A6EBBB14A23A1000677C51 /* dRowAudio_Window.cpp */ = {isa = PBXFileReference; fileEncoding = 4; lastKnownFileType = sourcecode.cpp.cpp; path = dRowAudio_Window.cpp; sourceTree = "<group>"; };
		55A6EBBC14A23A1000677C51 /* dRowAudio_Window.h */ = {isa = PBXFileReference; fileEncoding = 4; lastKnownFileType = sourcecode.c.h; path = dRowAudio_Window.h; sourceTree = "<group>"; };
		55A6EBBD14A240F700677C51 /* dRowAudio_Buffer.cpp */ = {isa = PBXFileReference; fileEncoding = 4; lastKnownFileType = sourcecode.cpp.cpp; name = dRowAudio_Buffer.cpp; path = ../../../../dRowAudio/audio/dRowAudio_Buffer.cpp; sourceTree = SOURCE_ROOT; };
		55A6EBBE14A240F700677C51 /* dRowAudio_Buffer.h */ = {isa = PBXFileReference; fileEncoding = 4; lastKnownFileType = sourcecode.c.h; name = dRowAudio_Buffer.h; path = ../../../../dRowAudio/audio/dRowAudio_Buffer.h; sourceTree = SOURCE_ROOT; };
		55A6EC5214A2B61E00677C51 /* dRowAudio.mm */ = {isa = PBXFileReference; fileEncoding = 4; lastKnownFileType = sourcecode.cpp.objcpp; name = dRowAudio.mm; path = ../../../../../../juce_source/juce/modules/dRowAudio/dRowAudio.mm; sourceTree = SOURCE_ROOT; };
		55A6EC7A14A2B68700677C51 /* dRowAudio.cpp */ = {isa = PBXFileReference; fileEncoding = 4; lastKnownFileType = sourcecode.cpp.cpp; name = dRowAudio.cpp; path = ../../../../../../juce_source/juce/modules/dRowAudio/dRowAudio.cpp; sourceTree = SOURCE_ROOT; };
		55F04C0D14ABF05100244EF6 /* DistortionDemo.h */ = {isa = PBXFileReference; fileEncoding = 4; lastKnownFileType = sourcecode.c.h; name = DistortionDemo.h; path = ../../Source/playback/DistortionDemo.h; sourceTree = SOURCE_ROOT; };
		55F04C0E14ABF05100244EF6 /* DistortionDemo.cpp */ = {isa = PBXFileReference; fileEncoding = 4; lastKnownFileType = sourcecode.cpp.cpp; name = DistortionDemo.cpp; path = ../../Source/playback/DistortionDemo.cpp; sourceTree = SOURCE_ROOT; };
		55F04C2D14ABF35000244EF6 /* DemoLookAndFeel.h */ = {isa = PBXFileReference; fileEncoding = 4; lastKnownFileType = sourcecode.c.h; name = DemoLookAndFeel.h; path = ../../Source/DemoLookAndFeel.h; sourceTree = SOURCE_ROOT; };
		55F04C2E14ABF35000244EF6 /* DemoLookAndFeel.cpp */ = {isa = PBXFileReference; fileEncoding = 4; lastKnownFileType = sourcecode.cpp.cpp; name = DemoLookAndFeel.cpp; path = ../../Source/DemoLookAndFeel.cpp; sourceTree = SOURCE_ROOT; };
		55F04FF914AE784F00244EF6 /* dRowAudio_ReversibleAudioSource.cpp */ = {isa = PBXFileReference; fileEncoding = 4; lastKnownFileType = sourcecode.cpp.cpp; name = dRowAudio_ReversibleAudioSource.cpp; path = ../../../../dRowAudio/audio/dRowAudio_ReversibleAudioSource.cpp; sourceTree = SOURCE_ROOT; };
		55F04FFA14AE784F00244EF6 /* dRowAudio_ReversibleAudioSource.h */ = {isa = PBXFileReference; fileEncoding = 4; lastKnownFileType = sourcecode.c.h; name = dRowAudio_ReversibleAudioSource.h; path = ../../../../dRowAudio/audio/dRowAudio_ReversibleAudioSource.h; sourceTree = SOURCE_ROOT; };
		5CC6B422A997852FC790179D /* LoopComponent.cpp */ = {isa = PBXFileReference; lastKnownFileType = sourcecode.cpp.cpp; name = LoopComponent.cpp; path = ../../Source/LoopComponent.cpp; sourceTree = SOURCE_ROOT; };
		5EF217055B41C216557236A6 /* IOKit.framework */ = {isa = PBXFileReference; lastKnownFileType = wrapper.framework; name = IOKit.framework; path = System/Library/Frameworks/IOKit.framework; sourceTree = SDKROOT; };
		664427D251BC566E135E9921 /* TransportComponent.h */ = {isa = PBXFileReference; lastKnownFileType = sourcecode.c.h; name = TransportComponent.h; path = ../../Source/TransportComponent.h; sourceTree = SOURCE_ROOT; };
		666E9F98DAF3EF4795CB8340 /* juce_audio_formats.mm */ = {isa = PBXFileReference; lastKnownFileType = sourcecode.cpp.objcpp; name = juce_audio_formats.mm; path = ../../../../../../juce_source/juce/modules/juce_audio_formats/juce_audio_formats.mm; sourceTree = SOURCE_ROOT; };
		67AD6B1BB456AF9E4E53EF43 /* juce_audio_devices.mm */ = {isa = PBXFileReference; lastKnownFileType = sourcecode.cpp.objcpp; name = juce_audio_devices.mm; path = ../../../../../../juce_source/juce/modules/juce_audio_devices/juce_audio_devices.mm; sourceTree = SOURCE_ROOT; };
		6C972B7B6DE382DBB2B43B73 /* Main.cpp */ = {isa = PBXFileReference; lastKnownFileType = sourcecode.cpp.cpp; name = Main.cpp; path = ../../Source/Main.cpp; sourceTree = SOURCE_ROOT; };
		6CD748A5CE80B16B4E4E2D89 /* juce_audio_processors.mm */ = {isa = PBXFileReference; lastKnownFileType = sourcecode.cpp.objcpp; name = juce_audio_processors.mm; path = ../../../../../../juce_source/juce/modules/juce_audio_processors/juce_audio_processors.mm; sourceTree = SOURCE_ROOT; };
		73BB754F4351DE37482AE961 /* juce_events.mm */ = {isa = PBXFileReference; lastKnownFileType = sourcecode.cpp.objcpp; name = juce_events.mm; path = ../../../../../../juce_source/juce/modules/juce_events/juce_events.mm; sourceTree = SOURCE_ROOT; };
		78DDDE286EE92081E0513495 /* juce_audio_basics.mm */ = {isa = PBXFileReference; lastKnownFileType = sourcecode.cpp.objcpp; name = juce_audio_basics.mm; path = ../../../../../../juce_source/juce/modules/juce_audio_basics/juce_audio_basics.mm; sourceTree = SOURCE_ROOT; };
		7B0C9C3247900045186C676D /* TransportComponent.cpp */ = {isa = PBXFileReference; lastKnownFileType = sourcecode.cpp.cpp; name = TransportComponent.cpp; path = ../../Source/TransportComponent.cpp; sourceTree = SOURCE_ROOT; };
		7B6265F35946A5CC8AB3CE08 /* LoopComponent.h */ = {isa = PBXFileReference; lastKnownFileType = sourcecode.c.h; name = LoopComponent.h; path = ../../Source/LoopComponent.h; sourceTree = SOURCE_ROOT; };
		7BC02000EE516D4A623C6552 /* CoreAudio.framework */ = {isa = PBXFileReference; lastKnownFileType = wrapper.framework; name = CoreAudio.framework; path = System/Library/Frameworks/CoreAudio.framework; sourceTree = SDKROOT; };
		7DFDE1320996809EC89E1885 /* Carbon.framework */ = {isa = PBXFileReference; lastKnownFileType = wrapper.framework; name = Carbon.framework; path = System/Library/Frameworks/Carbon.framework; sourceTree = SDKROOT; };
		81126BADA3A859EF58212FCF /* TrackInfoComponent.h */ = {isa = PBXFileReference; lastKnownFileType = sourcecode.c.h; name = TrackInfoComponent.h; path = ../../Source/TrackInfoComponent.h; sourceTree = SOURCE_ROOT; };
		84484BC5CE686760F331B64A /* AudioToolbox.framework */ = {isa = PBXFileReference; lastKnownFileType = wrapper.framework; name = AudioToolbox.framework; path = System/Library/Frameworks/AudioToolbox.framework; sourceTree = SDKROOT; };
		898FC8256B1BDD01C788DA6A /* MainComponent.cpp */ = {isa = PBXFileReference; lastKnownFileType = sourcecode.cpp.cpp; name = MainComponent.cpp; path = ../../Source/MainComponent.cpp; sourceTree = SOURCE_ROOT; };
		8E60D92746C277E4137E3CB8 /* QuartzCore.framework */ = {isa = PBXFileReference; lastKnownFileType = wrapper.framework; name = QuartzCore.framework; path = System/Library/Frameworks/QuartzCore.framework; sourceTree = SDKROOT; };
		8EADA83178E3CB59706B855C /* CoreMIDI.framework */ = {isa = PBXFileReference; lastKnownFileType = wrapper.framework; name = CoreMIDI.framework; path = System/Library/Frameworks/CoreMIDI.framework; sourceTree = SDKROOT; };
		939FC30566B1030FB01BD689 /* MainWindow.h */ = {isa = PBXFileReference; lastKnownFileType = sourcecode.c.h; name = MainWindow.h; path = ../../Source/MainWindow.h; sourceTree = SOURCE_ROOT; };
		AEDF7D50DD606805909BF421 /* AudioPlaybackDemo.h */ = {isa = PBXFileReference; lastKnownFileType = sourcecode.c.h; name = AudioPlaybackDemo.h; path = ../../Source/AudioPlaybackDemo.h; sourceTree = SOURCE_ROOT; };
		B3FB67791A011EAEEDE91A69 /* juce_data_structures.mm */ = {isa = PBXFileReference; lastKnownFileType = sourcecode.cpp.objcpp; name = juce_data_structures.mm; path = ../../../../../../juce_source/juce/modules/juce_data_structures/juce_data_structures.mm; sourceTree = SOURCE_ROOT; };
		B5239989EB94DD03C927E5C3 /* juce_gui_extra.mm */ = {isa = PBXFileReference; lastKnownFileType = sourcecode.cpp.objcpp; name = juce_gui_extra.mm; path = ../../../../../../juce_source/juce/modules/juce_gui_extra/juce_gui_extra.mm; sourceTree = SOURCE_ROOT; };
		D16937FF8B9B1370239FDBC2 /* Accelerate.framework */ = {isa = PBXFileReference; lastKnownFileType = wrapper.framework; name = Accelerate.framework; path = System/Library/Frameworks/Accelerate.framework; sourceTree = SDKROOT; };
		DCC0C8364E07FA5B3F4BC691 /* MainComponent.h */ = {isa = PBXFileReference; lastKnownFileType = sourcecode.c.h; name = MainComponent.h; path = ../../Source/MainComponent.h; sourceTree = SOURCE_ROOT; };
		ED470C4734966E2B452C4F3D /* juce_gui_basics.mm */ = {isa = PBXFileReference; lastKnownFileType = sourcecode.cpp.objcpp; name = juce_gui_basics.mm; path = ../../../../../../juce_source/juce/modules/juce_gui_basics/juce_gui_basics.mm; sourceTree = SOURCE_ROOT; };
		EE359DBEED65B9B84B9F903B /* juce_graphics.mm */ = {isa = PBXFileReference; lastKnownFileType = sourcecode.cpp.objcpp; name = juce_graphics.mm; path = ../../../../../../juce_source/juce/modules/juce_graphics/juce_graphics.mm; sourceTree = SOURCE_ROOT; };
		FCC8FBB3A07CEC6CD58A5255 /* TrackInfoComponent.cpp */ = {isa = PBXFileReference; lastKnownFileType = sourcecode.cpp.cpp; name = TrackInfoComponent.cpp; path = ../../Source/TrackInfoComponent.cpp; sourceTree = SOURCE_ROOT; };
		FD25279451D091E05E5BD87C /* JuceHeader.h */ = {isa = PBXFileReference; lastKnownFileType = sourcecode.c.h; name = JuceHeader.h; path = ../../JuceLibraryCode/JuceHeader.h; sourceTree = SOURCE_ROOT; };
/* End PBXFileReference section */

/* Begin PBXFrameworksBuildPhase section */
		010B0E382DD4C468114F9000 /* Frameworks */ = {
			isa = PBXFrameworksBuildPhase;
			buildActionMask = 2147483647;
			files = (
				1B89A43F6470F4DFC13E5594 /* Accelerate.framework in Frameworks */,
				56395F7B8428F72AFBA86DF2 /* AudioToolbox.framework in Frameworks */,
				C53A24F00D46AFAB82A4B190 /* Carbon.framework in Frameworks */,
				444D326046F03770E9AEB643 /* Cocoa.framework in Frameworks */,
				E551D20036C4EC738508C1E5 /* CoreAudio.framework in Frameworks */,
				A02D8C38847BC82CE012B8B2 /* CoreMIDI.framework in Frameworks */,
				9D73EC49878AFD2B43A78949 /* DiscRecording.framework in Frameworks */,
				F22F65DAB117D799E0C5DBB9 /* IOKit.framework in Frameworks */,
				F3457666D359A903CB0DDD2C /* QuartzCore.framework in Frameworks */,
				95E91DFC555B337FFB554B52 /* WebKit.framework in Frameworks */,
				55A6EB0014A1389500677C51 /* libcurl.dylib in Frameworks */,
			);
			runOnlyForDeploymentPostprocessing = 0;
		};
/* End PBXFrameworksBuildPhase section */

/* Begin PBXGroup section */
		024501DD1CA47B53D7642726 /* Products */ = {
			isa = PBXGroup;
			children = (
				0AC2382300FDE0397BBFBDE0 /* dRowAudio Demo.app */,
			);
			name = Products;
			sourceTree = "<group>";
		};
		31E5764FFF7646D97345C0EF /* Source */ = {
			isa = PBXGroup;
			children = (
				3EB7077CE581BA5CD462EBE6 /* dRowAudio Demo */,
				BD7463731978AC938AB94FD3 /* Juce Library Code */,
				6D4C28D04DC63C09A383111A /* Resources */,
				7148579EBD6A599D8FCEA594 /* Frameworks */,
				024501DD1CA47B53D7642726 /* Products */,
				55A6EAFF14A1389500677C51 /* libcurl.dylib */,
			);
			name = Source;
			sourceTree = "<group>";
		};
		3B46AD8AEA77BF5B6A1EB608 /* Source */ = {
			isa = PBXGroup;
			children = (
				551621A414A4DAEC00445ECE /* soundtouch */,
				6C972B7B6DE382DBB2B43B73 /* Main.cpp */,
				55F04C2D14ABF35000244EF6 /* DemoLookAndFeel.h */,
				55F04C2E14ABF35000244EF6 /* DemoLookAndFeel.cpp */,
				939FC30566B1030FB01BD689 /* MainWindow.h */,
				0CA9296C157F338168B6437C /* MainWindow.cpp */,
				DCC0C8364E07FA5B3F4BC691 /* MainComponent.h */,
				898FC8256B1BDD01C788DA6A /* MainComponent.cpp */,
				81126BADA3A859EF58212FCF /* TrackInfoComponent.h */,
				FCC8FBB3A07CEC6CD58A5255 /* TrackInfoComponent.cpp */,
				664427D251BC566E135E9921 /* TransportComponent.h */,
				7B0C9C3247900045186C676D /* TransportComponent.cpp */,
				5573CA7814A9FBB8004A8E5F /* playback */,
				55A6EAC814A1361500677C51 /* network */,
				55A6EB9314A236FC00677C51 /* fft */,
			);
			name = Source;
			sourceTree = "<group>";
		};
		3EB7077CE581BA5CD462EBE6 /* dRowAudio Demo */ = {
			isa = PBXGroup;
			children = (
				3B46AD8AEA77BF5B6A1EB608 /* Source */,
			);
			name = "dRowAudio Demo";
			sourceTree = "<group>";
		};
		551621A414A4DAEC00445ECE /* soundtouch */ = {
			isa = PBXGroup;
			children = (
				551621BC14A4DC4B00445ECE /* dRowAudio_AudioFilePlayerExt.h */,
				551621BB14A4DC4B00445ECE /* dRowAudio_AudioFilePlayerExt.cpp */,
				551621A914A4DAF900445ECE /* dRowAudio_SoundTouchAudioSource.h */,
				551621A814A4DAF900445ECE /* dRowAudio_SoundTouchAudioSource.cpp */,
				551621AB14A4DAF900445ECE /* dRowAudio_SoundTouchProcessor.h */,
				551621AA14A4DAF900445ECE /* dRowAudio_SoundTouchProcessor.cpp */,
				55F04FFA14AE784F00244EF6 /* dRowAudio_ReversibleAudioSource.h */,
				55F04FF914AE784F00244EF6 /* dRowAudio_ReversibleAudioSource.cpp */,
				5573CBD014AA4CDE004A8E5F /* dRowAudio_PositionableWaveDisplay.h */,
				5573CBCF14AA4CDE004A8E5F /* dRowAudio_PositionableWaveDisplay.cpp */,
				5573CBCE14AA4BEE004A8E5F /* dRowAudio_DraggableWaveDisplay.h */,
				5573CBCD14AA4BEE004A8E5F /* dRowAudio_DraggableWaveDisplay.cpp */,
			);
			name = soundtouch;
			sourceTree = "<group>";
		};
		5573CA7814A9FBB8004A8E5F /* playback */ = {
			isa = PBXGroup;
			children = (
				AEDF7D50DD606805909BF421 /* AudioPlaybackDemo.h */,
				24337B3A547FF98BBFE5AB05 /* AudioPlaybackDemo.cpp */,
				7B6265F35946A5CC8AB3CE08 /* LoopComponent.h */,
				5CC6B422A997852FC790179D /* LoopComponent.cpp */,
				5573CAB614AA0F0A004A8E5F /* BufferTransformAudioSource.h */,
				5573CAB514AA0F0A004A8E5F /* BufferTransformAudioSource.cpp */,
				55F04C0D14ABF05100244EF6 /* DistortionDemo.h */,
				55F04C0E14ABF05100244EF6 /* DistortionDemo.cpp */,
				5573CA8C14AA069D004A8E5F /* CurvePoint.h */,
				5573CA7914A9FBF9004A8E5F /* DistortionComponent.h */,
				5573CA7A14A9FBF9004A8E5F /* DistortionComponent.cpp */,
			);
			name = playback;
			sourceTree = "<group>";
		};
		55A6EAC814A1361500677C51 /* network */ = {
			isa = PBXGroup;
			children = (
				55A6EACE14A1361500677C51 /* NetworkDemo.h */,
				55A6EACD14A1361500677C51 /* NetworkDemo.cpp */,
				55A6EACA14A1361500677C51 /* ConnectionComponent.h */,
				55A6EAC914A1361500677C51 /* ConnectionComponent.cpp */,
				55A6EACC14A1361500677C51 /* LocalDirectoryListBox.h */,
				55A6EACB14A1361500677C51 /* LocalDirectoryListBox.cpp */,
				55A6EAD014A1361500677C51 /* RemoteDirectoryListBox.h */,
				55A6EACF14A1361500677C51 /* RemoteDirectoryListBox.cpp */,
			);
			name = network;
			path = ../../Source/network;
			sourceTree = SOURCE_ROOT;
		};
		55A6EB9314A236FC00677C51 /* fft */ = {
			isa = PBXGroup;
			children = (
				55A6EB9514A2373100677C51 /* FFTDemo.h */,
				55A6EB9614A2373100677C51 /* FFTDemo.cpp */,
				55161EB014A3702600445ECE /* Spectroscope.h */,
				55161EAF14A3702600445ECE /* Spectroscope.cpp */,
				551622DB14A5045200445ECE /* Sonogram.h */,
				551622DA14A5045200445ECE /* Sonogram.cpp */,
				5573CA6014A75952004A8E5F /* PitchTracker.cpp */,
				5573CA6114A75952004A8E5F /* PitchTracker.h */,
				55A6EBB614A23A1000677C51 /* fft */,
			);
			name = fft;
			sourceTree = "<group>";
		};
		55A6EBB614A23A1000677C51 /* fft */ = {
			isa = PBXGroup;
			children = (
				55A6EBBE14A240F700677C51 /* dRowAudio_Buffer.h */,
				55A6EBBD14A240F700677C51 /* dRowAudio_Buffer.cpp */,
				55A6EBBC14A23A1000677C51 /* dRowAudio_Window.h */,
				55A6EBBB14A23A1000677C51 /* dRowAudio_Window.cpp */,
				55A6EBB814A23A1000677C51 /* dRowAudio_FFTEngine.h */,
				55A6EBB714A23A1000677C51 /* dRowAudio_FFTEngine.cpp */,
				55A6EBB914A23A1000677C51 /* dRowAudio_FFTOperation.h */,
				55A6EBBA14A23A1000677C51 /* dRowAudio_mac_FFTOperation.cpp */,
			);
			name = fft;
			path = ../../../../dRowAudio/audio/fft;
			sourceTree = SOURCE_ROOT;
		};
		6D4C28D04DC63C09A383111A /* Resources */ = {
			isa = PBXGroup;
			children = (
				4FEA7CC34128B23C8DA2884B /* Info.plist */,
			);
			name = Resources;
			sourceTree = "<group>";
		};
		7148579EBD6A599D8FCEA594 /* Frameworks */ = {
			isa = PBXGroup;
			children = (
				D16937FF8B9B1370239FDBC2 /* Accelerate.framework */,
				84484BC5CE686760F331B64A /* AudioToolbox.framework */,
				7DFDE1320996809EC89E1885 /* Carbon.framework */,
				175937C6192FB31D09EBC71C /* Cocoa.framework */,
				7BC02000EE516D4A623C6552 /* CoreAudio.framework */,
				8EADA83178E3CB59706B855C /* CoreMIDI.framework */,
				44D542C670A563F9D5E68294 /* DiscRecording.framework */,
				5EF217055B41C216557236A6 /* IOKit.framework */,
				8E60D92746C277E4137E3CB8 /* QuartzCore.framework */,
				2599121D87CAAE0F7A1670CD /* WebKit.framework */,
			);
			name = Frameworks;
			sourceTree = "<group>";
		};
		BD7463731978AC938AB94FD3 /* Juce Library Code */ = {
			isa = PBXGroup;
			children = (
				0EA9B4EC95C93907AB1CFECD /* AppConfig.h */,
				55A6EC7A14A2B68700677C51 /* dRowAudio.cpp */,
				55A6EC5214A2B61E00677C51 /* dRowAudio.mm */,
				78DDDE286EE92081E0513495 /* juce_audio_basics.mm */,
				67AD6B1BB456AF9E4E53EF43 /* juce_audio_devices.mm */,
				666E9F98DAF3EF4795CB8340 /* juce_audio_formats.mm */,
				6CD748A5CE80B16B4E4E2D89 /* juce_audio_processors.mm */,
				080BC9DBB9EF8ED581C4A92F /* juce_audio_utils.mm */,
				45F9EA1530DA6D8BBB452430 /* juce_core.mm */,
				B3FB67791A011EAEEDE91A69 /* juce_data_structures.mm */,
				73BB754F4351DE37482AE961 /* juce_events.mm */,
				EE359DBEED65B9B84B9F903B /* juce_graphics.mm */,
				ED470C4734966E2B452C4F3D /* juce_gui_basics.mm */,
				B5239989EB94DD03C927E5C3 /* juce_gui_extra.mm */,
				FD25279451D091E05E5BD87C /* JuceHeader.h */,
			);
			name = "Juce Library Code";
			sourceTree = "<group>";
		};
/* End PBXGroup section */

/* Begin PBXNativeTarget section */
		D9156CAAC7641D12C3DB1E30 /* dRowAudio Demo */ = {
			isa = PBXNativeTarget;
			buildConfigurationList = 5C6FB51ED473CEEE7A6E5AC7 /* Build configuration list for PBXNativeTarget "dRowAudio Demo" */;
			buildPhases = (
				E36C893531BA10B419C53376 /* Resources */,
				B882EA2AF2F1CA9233CD00B6 /* Sources */,
				010B0E382DD4C468114F9000 /* Frameworks */,
			);
			buildRules = (
			);
			dependencies = (
			);
			name = "dRowAudio Demo";
			productInstallPath = "$(HOME)/Applications";
			productName = "dRowAudio Demo";
			productReference = 0AC2382300FDE0397BBFBDE0 /* dRowAudio Demo.app */;
			productType = "com.apple.product-type.application";
		};
/* End PBXNativeTarget section */

/* Begin PBXProject section */
		F14E15AF4679B599170D51DF /* Project object */ = {
			isa = PBXProject;
			buildConfigurationList = A808B7F601C37CBA2A6D8AC3 /* Build configuration list for PBXProject "dRowAudio Demo" */;
			compatibilityVersion = "Xcode 3.1";
			developmentRegion = English;
			hasScannedForEncodings = 0;
			knownRegions = (
				English,
				Japanese,
				French,
				German,
			);
			mainGroup = 31E5764FFF7646D97345C0EF /* Source */;
			projectDirPath = "";
			projectRoot = "";
			targets = (
				D9156CAAC7641D12C3DB1E30 /* dRowAudio Demo */,
			);
		};
/* End PBXProject section */

/* Begin PBXResourcesBuildPhase section */
		E36C893531BA10B419C53376 /* Resources */ = {
			isa = PBXResourcesBuildPhase;
			buildActionMask = 2147483647;
			files = (
			);
			runOnlyForDeploymentPostprocessing = 0;
		};
/* End PBXResourcesBuildPhase section */

/* Begin PBXSourcesBuildPhase section */
		B882EA2AF2F1CA9233CD00B6 /* Sources */ = {
			isa = PBXSourcesBuildPhase;
			buildActionMask = 2147483647;
			files = (
				D9422A8612B91E1A0029ED36 /* Main.cpp in Sources */,
				A1D4225D2771BB053058481C /* MainWindow.cpp in Sources */,
				A7BDBE5228A649F79D78CB5B /* MainComponent.cpp in Sources */,
				38907996C0CEE0B324379A34 /* TrackInfoComponent.cpp in Sources */,
				53BF8FC087AD23FCFDFAC5F2 /* TransportComponent.cpp in Sources */,
				590919F2EECA27287BF1A28C /* AudioPlaybackDemo.cpp in Sources */,
				84D5444C3400ACD793DBBDDC /* LoopComponent.cpp in Sources */,
				9CDDEF3F6F02406D4C06473D /* juce_audio_basics.mm in Sources */,
				AB4F65E61D02CC0C492306A1 /* juce_audio_devices.mm in Sources */,
				7778EF6CD7053965412F5AD3 /* juce_audio_formats.mm in Sources */,
				D1BE18C4B9A3301A0A7DB80D /* juce_audio_processors.mm in Sources */,
				8C0CEBD27FF4EEA902C4085A /* juce_audio_utils.mm in Sources */,
				411CFE3488DB9834D05832F8 /* juce_core.mm in Sources */,
				2713A628E5E079D591383FFB /* juce_data_structures.mm in Sources */,
				1194350F37D20D10FC75986F /* juce_events.mm in Sources */,
				CE3A8AD3B27EED71F2A28DBD /* juce_graphics.mm in Sources */,
				F729229340032903C8FB6C9F /* juce_gui_basics.mm in Sources */,
				3C0A5379AE219D4B2CC471E6 /* juce_gui_extra.mm in Sources */,
				55A6EAD114A1361500677C51 /* ConnectionComponent.cpp in Sources */,
				55A6EAD214A1361500677C51 /* LocalDirectoryListBox.cpp in Sources */,
				55A6EAD314A1361500677C51 /* NetworkDemo.cpp in Sources */,
				55A6EAD414A1361500677C51 /* RemoteDirectoryListBox.cpp in Sources */,
				55A6EB9714A2373100677C51 /* FFTDemo.cpp in Sources */,
				55A6EC5314A2B61E00677C51 /* dRowAudio.mm in Sources */,
				55161EB114A3702600445ECE /* Spectroscope.cpp in Sources */,
				551622DC14A5045200445ECE /* Sonogram.cpp in Sources */,
				5573CA6214A75952004A8E5F /* PitchTracker.cpp in Sources */,
				5573CA7B14A9FBF9004A8E5F /* DistortionComponent.cpp in Sources */,
				5573CAB714AA0F0A004A8E5F /* BufferTransformAudioSource.cpp in Sources */,
				55F04C0F14ABF05100244EF6 /* DistortionDemo.cpp in Sources */,
				55F04C2F14ABF35000244EF6 /* DemoLookAndFeel.cpp in Sources */,
			);
			runOnlyForDeploymentPostprocessing = 0;
		};
/* End PBXSourcesBuildPhase section */

/* Begin XCBuildConfiguration section */
		915D883D7A39F6B886C3B5E0 /* Debug */ = {
			isa = XCBuildConfiguration;
			buildSettings = {
				ALWAYS_SEARCH_USER_PATHS = NO;
				DEBUG_INFORMATION_FORMAT = dwarf;
				GCC_C_LANGUAGE_STANDARD = c99;
				GCC_INLINES_ARE_PRIVATE_EXTERN = YES;
				GCC_MODEL_TUNING = G5;
				GCC_WARN_ABOUT_RETURN_TYPE = YES;
				GCC_WARN_CHECK_SWITCH_STATEMENTS = YES;
				GCC_WARN_MISSING_PARENTHESES = YES;
				GCC_WARN_NON_VIRTUAL_DESTRUCTOR = YES;
				GCC_WARN_TYPECHECK_CALLS_TO_PRINTF = YES;
				GCC_WARN_UNUSED_VARIABLE = YES;
				PRODUCT_NAME = "dRowAudio Demo";
				WARNING_CFLAGS = "-Wreorder";
				ZERO_LINK = NO;
			};
			name = Debug;
		};
		B0CE196F6B92331C16DCBE76 /* Debug */ = {
			isa = XCBuildConfiguration;
			buildSettings = {
				COPY_PHASE_STRIP = NO;
				GCC_DYNAMIC_NO_PIC = NO;
				GCC_OPTIMIZATION_LEVEL = 0;
				GCC_PREPROCESSOR_DEFINITIONS = (
					"_DEBUG=1",
					"DEBUG=1",
					"JUCE_ObjCExtraSuffix=U6uyAt",
					"JUCER_XCODE_MAC_F6D2F4CF=1",
				);
				HEADER_SEARCH_PATHS = (
					../../JuceLibraryCode,
					"$(inherited)",
				);
				INFOPLIST_FILE = Info.plist;
				INSTALL_PATH = "$(HOME)/Applications";
				MACOSX_DEPLOYMENT_TARGET_ppc = 10.4;
				ONLY_ACTIVE_ARCH = YES;
			};
			name = Debug;
		};
		D1ABD1FF419723F374E6B082 /* Release */ = {
			isa = XCBuildConfiguration;
			buildSettings = {
				ALWAYS_SEARCH_USER_PATHS = NO;
				DEBUG_INFORMATION_FORMAT = dwarf;
				GCC_AUTO_VECTORIZATION = NO;
				GCC_C_LANGUAGE_STANDARD = c99;
				GCC_INLINES_ARE_PRIVATE_EXTERN = YES;
				GCC_MODEL_TUNING = G5;
				GCC_WARN_ABOUT_RETURN_TYPE = YES;
				GCC_WARN_CHECK_SWITCH_STATEMENTS = YES;
				GCC_WARN_MISSING_PARENTHESES = YES;
				GCC_WARN_NON_VIRTUAL_DESTRUCTOR = YES;
				GCC_WARN_TYPECHECK_CALLS_TO_PRINTF = YES;
				GCC_WARN_UNUSED_VARIABLE = YES;
				PRODUCT_NAME = "dRowAudio Demo";
				WARNING_CFLAGS = "-Wreorder";
				ZERO_LINK = NO;
			};
			name = Release;
		};
		F78DFA4D6AD72663CF5A213A /* Release */ = {
			isa = XCBuildConfiguration;
			buildSettings = {
				GCC_GENERATE_DEBUGGING_SYMBOLS = NO;
				GCC_OPTIMIZATION_LEVEL = 3;
				GCC_PREPROCESSOR_DEFINITIONS = (
					"_NDEBUG=1",
					"NDEBUG=1",
					"JUCE_ObjCExtraSuffix=U6uyAt",
					"JUCER_XCODE_MAC_F6D2F4CF=1",
				);
				GCC_SYMBOLS_PRIVATE_EXTERN = YES;
				HEADER_SEARCH_PATHS = (
					../../JuceLibraryCode,
					"$(inherited)",
				);
				INFOPLIST_FILE = Info.plist;
				INSTALL_PATH = "$(HOME)/Applications";
				MACOSX_DEPLOYMENT_TARGET_ppc = 10.4;
			};
			name = Release;
		};
/* End XCBuildConfiguration section */

/* Begin XCConfigurationList section */
		5C6FB51ED473CEEE7A6E5AC7 /* Build configuration list for PBXNativeTarget "dRowAudio Demo" */ = {
			isa = XCConfigurationList;
			buildConfigurations = (
				B0CE196F6B92331C16DCBE76 /* Debug */,
				F78DFA4D6AD72663CF5A213A /* Release */,
			);
			defaultConfigurationIsVisible = 0;
			defaultConfigurationName = Debug;
		};
		A808B7F601C37CBA2A6D8AC3 /* Build configuration list for PBXProject "dRowAudio Demo" */ = {
			isa = XCConfigurationList;
			buildConfigurations = (
				915D883D7A39F6B886C3B5E0 /* Debug */,
				D1ABD1FF419723F374E6B082 /* Release */,
			);
			defaultConfigurationIsVisible = 0;
			defaultConfigurationName = Debug;
		};
/* End XCConfigurationList section */
	};
	rootObject = F14E15AF4679B599170D51DF /* Project object */;
}
