// !$*UTF8*$!
{
	archiveVersion = 1;
	classes = {
	};
	objectVersion = 46;
	objects = {

/* Begin PBXBuildFile section */
		060E63CCFE453441AC361E4B /* StatusComp.cpp in Sources */ = {isa = PBXBuildFile; fileRef = D8447106147C1497813C4647 /* StatusComp.cpp */; };
		1F20FC41163DB3EB0BCFCEDB /* QTKit.framework in Frameworks */ = {isa = PBXBuildFile; fileRef = A3BDDA2E32B14CED4C90FBCE /* QTKit.framework */; };
		26D25940C55D560936174FC7 /* OpenGL.framework in Frameworks */ = {isa = PBXBuildFile; fileRef = EB674DB53B00272606709E67 /* OpenGL.framework */; };
		345ACD9114F15E17EFDB83B6 /* Carbon.framework in Frameworks */ = {isa = PBXBuildFile; fileRef = CFFC1ADBC264B1DC39887501 /* Carbon.framework */; };
		3DB6A0B11BF8793E3FAD141A /* SettingsComp.cpp in Sources */ = {isa = PBXBuildFile; fileRef = FF12558DDD866E33288408D9 /* SettingsComp.cpp */; };
		3EDEF444639934D1566CFE6B /* dRowAudio_AudioOscilloscope.cpp in Sources */ = {isa = PBXBuildFile; fileRef = FD24EA686F91457A52734BA9 /* dRowAudio_AudioOscilloscope.cpp */; };
		42A71B001E35C068BCF0DCA8 /* CoreMIDI.framework in Frameworks */ = {isa = PBXBuildFile; fileRef = 779D7C4F339179FCD3CDA67A /* CoreMIDI.framework */; };
		47CCCB7357C619F1B6DC6CF5 /* AudioEngine.cpp in Sources */ = {isa = PBXBuildFile; fileRef = FABE5E40A60A20FD97F37CA3 /* AudioEngine.cpp */; };
		53B77D7676EE1E1BFF010641 /* MainComponent.cpp in Sources */ = {isa = PBXBuildFile; fileRef = D5466AE4F30AC53DE508C674 /* MainComponent.cpp */; };
		5739C7E232EBACBEDDA2A471 /* QuartzCore.framework in Frameworks */ = {isa = PBXBuildFile; fileRef = AF256202767FE0A41551F80E /* QuartzCore.framework */; };
		628D4E434596684181E5482B /* WebKit.framework in Frameworks */ = {isa = PBXBuildFile; fileRef = F06855B81D1C9C00C99429A8 /* WebKit.framework */; };
		632DBA1C5114542447D2F922 /* Settings.cpp in Sources */ = {isa = PBXBuildFile; fileRef = 0DCAE3D336DE4DF5EF1DE507 /* Settings.cpp */; };
		84179EE40829D0573A7D4461 /* JuceLibraryCode2.mm in Sources */ = {isa = PBXBuildFile; fileRef = 59BB7F4DAFA5F8F1FC976C8B /* JuceLibraryCode2.mm */; };
		88808E432C6E0A4F00A80056 /* JuceLibraryCode1.mm in Sources */ = {isa = PBXBuildFile; fileRef = 1094A64293CA75DE19A3E84B /* JuceLibraryCode1.mm */; };
		8E773E095025F43970BC0FAD /* IOKit.framework in Frameworks */ = {isa = PBXBuildFile; fileRef = 91673E4F245CF26F75BF174D /* IOKit.framework */; };
		8F0027662B7E5378F98377E3 /* Main.cpp in Sources */ = {isa = PBXBuildFile; fileRef = A0E6348BDD221C8BBAED4438 /* Main.cpp */; };
		90ADAE75E4E4976F6552886C /* JuceLibraryCode3.mm in Sources */ = {isa = PBXBuildFile; fileRef = A3D14749BC916B14D07AF0CA /* JuceLibraryCode3.mm */; };
		A889798F1883CA1A272FB0C3 /* DiscRecording.framework in Frameworks */ = {isa = PBXBuildFile; fileRef = 21FBAAA93F864DF0F75F9932 /* DiscRecording.framework */; };
		A924A09A7992C306CEFE6816 /* AudioNetworkStreamer.cpp in Sources */ = {isa = PBXBuildFile; fileRef = 89F148544D8C9828E2D70542 /* AudioNetworkStreamer.cpp */; };
		AC44BE16C0B06E779F37CC67 /* JuceLibraryCode4.mm in Sources */ = {isa = PBXBuildFile; fileRef = ECF81044D98CEE47A45E731A /* JuceLibraryCode4.mm */; };
		BABF3FC22B12EB035E1E1B15 /* QuickTime.framework in Frameworks */ = {isa = PBXBuildFile; fileRef = 564213911528FA337941933A /* QuickTime.framework */; };
		D3A2935D5F1951F88F175DD2 /* MainWindow.cpp in Sources */ = {isa = PBXBuildFile; fileRef = 0E040333E6A753222BD76F24 /* MainWindow.cpp */; };
		DEFAD81FA65CB982EAE9B670 /* CoreAudio.framework in Frameworks */ = {isa = PBXBuildFile; fileRef = 30B23D67AE94FE7DD21DDCC2 /* CoreAudio.framework */; };
		E7CEB96BFFDEC941464FAB3A /* dRowAudio_FIFOBuffer.cpp in Sources */ = {isa = PBXBuildFile; fileRef = F857522533EACC9E5D642AD7 /* dRowAudio_FIFOBuffer.cpp */; };
		ED510F6B0BD3FB290B3DFD5C /* AudioSettingsComponent.cpp in Sources */ = {isa = PBXBuildFile; fileRef = 62DCB6681646C60295473562 /* AudioSettingsComponent.cpp */; };
		F726F24E8197F3E8C742E247 /* Cocoa.framework in Frameworks */ = {isa = PBXBuildFile; fileRef = 81B6ABD52C3270317859BA6D /* Cocoa.framework */; };
/* End PBXBuildFile section */

/* Begin PBXFileReference section */
		076278A00E6542E5EB9854C9 /* AudioNetworkStreamer.h */ = {isa = PBXFileReference; lastKnownFileType = sourcecode.c.h; name = AudioNetworkStreamer.h; path = ../../Source/AudioNetworkStreamer.h; sourceTree = SOURCE_ROOT; };
		0B32549F47AEA2BFB8E399EF /* JuceHeader.h */ = {isa = PBXFileReference; lastKnownFileType = sourcecode.c.h; name = JuceHeader.h; path = ../../JuceLibraryCode/JuceHeader.h; sourceTree = SOURCE_ROOT; };
		0DCAE3D336DE4DF5EF1DE507 /* Settings.cpp */ = {isa = PBXFileReference; lastKnownFileType = sourcecode.cpp.cpp; name = Settings.cpp; path = ../../Source/Settings.cpp; sourceTree = SOURCE_ROOT; };
		0E040333E6A753222BD76F24 /* MainWindow.cpp */ = {isa = PBXFileReference; lastKnownFileType = sourcecode.cpp.cpp; name = MainWindow.cpp; path = ../../Source/MainWindow.cpp; sourceTree = SOURCE_ROOT; };
		1094A64293CA75DE19A3E84B /* JuceLibraryCode1.mm */ = {isa = PBXFileReference; lastKnownFileType = sourcecode.cpp.objcpp; name = JuceLibraryCode1.mm; path = ../../JuceLibraryCode/JuceLibraryCode1.mm; sourceTree = SOURCE_ROOT; };
		1B21BF31607097D052AACD06 /* dRowAudio_FIFOBuffer.h */ = {isa = PBXFileReference; lastKnownFileType = sourcecode.c.h; name = dRowAudio_FIFOBuffer.h; path = ../../Source/dRowAudio_FIFOBuffer.h; sourceTree = SOURCE_ROOT; };
		21FBAAA93F864DF0F75F9932 /* DiscRecording.framework */ = {isa = PBXFileReference; lastKnownFileType = wrapper.framework; name = DiscRecording.framework; path = System/Library/Frameworks/DiscRecording.framework; sourceTree = SDKROOT; };
		30B23D67AE94FE7DD21DDCC2 /* CoreAudio.framework */ = {isa = PBXFileReference; lastKnownFileType = wrapper.framework; name = CoreAudio.framework; path = System/Library/Frameworks/CoreAudio.framework; sourceTree = SDKROOT; };
		417A12DD78AA77F8592ADC25 /* AudioEngine.h */ = {isa = PBXFileReference; lastKnownFileType = sourcecode.c.h; name = AudioEngine.h; path = ../../Source/AudioEngine.h; sourceTree = SOURCE_ROOT; };
		44B68DF235E47D5F54C7258F /* AppConfig.h */ = {isa = PBXFileReference; lastKnownFileType = sourcecode.c.h; name = AppConfig.h; path = ../../JuceLibraryCode/AppConfig.h; sourceTree = SOURCE_ROOT; };
		49917631101CDFCD1A29357D /* Settings.h */ = {isa = PBXFileReference; lastKnownFileType = sourcecode.c.h; name = Settings.h; path = ../../Source/Settings.h; sourceTree = SOURCE_ROOT; };
		564213911528FA337941933A /* QuickTime.framework */ = {isa = PBXFileReference; lastKnownFileType = wrapper.framework; name = QuickTime.framework; path = System/Library/Frameworks/QuickTime.framework; sourceTree = SDKROOT; };
		59BB7F4DAFA5F8F1FC976C8B /* JuceLibraryCode2.mm */ = {isa = PBXFileReference; lastKnownFileType = sourcecode.cpp.objcpp; name = JuceLibraryCode2.mm; path = ../../JuceLibraryCode/JuceLibraryCode2.mm; sourceTree = SOURCE_ROOT; };
		62DCB6681646C60295473562 /* AudioSettingsComponent.cpp */ = {isa = PBXFileReference; lastKnownFileType = sourcecode.cpp.cpp; name = AudioSettingsComponent.cpp; path = ../../Source/AudioSettingsComponent.cpp; sourceTree = SOURCE_ROOT; };
		6A794B7585A1CA06BDDB7806 /* MainComponent.h */ = {isa = PBXFileReference; lastKnownFileType = sourcecode.c.h; name = MainComponent.h; path = ../../Source/MainComponent.h; sourceTree = SOURCE_ROOT; };
		702CC76857159156437F254F /* Info.plist */ = {isa = PBXFileReference; lastKnownFileType = text.plist.xml; path = Info.plist; sourceTree = SOURCE_ROOT; };
		779D7C4F339179FCD3CDA67A /* CoreMIDI.framework */ = {isa = PBXFileReference; lastKnownFileType = wrapper.framework; name = CoreMIDI.framework; path = System/Library/Frameworks/CoreMIDI.framework; sourceTree = SDKROOT; };
		81B6ABD52C3270317859BA6D /* Cocoa.framework */ = {isa = PBXFileReference; lastKnownFileType = wrapper.framework; name = Cocoa.framework; path = System/Library/Frameworks/Cocoa.framework; sourceTree = SDKROOT; };
		89F148544D8C9828E2D70542 /* AudioNetworkStreamer.cpp */ = {isa = PBXFileReference; lastKnownFileType = sourcecode.cpp.cpp; name = AudioNetworkStreamer.cpp; path = ../../Source/AudioNetworkStreamer.cpp; sourceTree = SOURCE_ROOT; };
		91673E4F245CF26F75BF174D /* IOKit.framework */ = {isa = PBXFileReference; lastKnownFileType = wrapper.framework; name = IOKit.framework; path = System/Library/Frameworks/IOKit.framework; sourceTree = SDKROOT; };
		9E38696616ED575673D172C1 /* Network Audio Streamer.app */ = {isa = PBXFileReference; explicitFileType = wrapper.application; includeInIndex = 0; path = "Network Audio Streamer.app"; sourceTree = BUILT_PRODUCTS_DIR; };
		A0E6348BDD221C8BBAED4438 /* Main.cpp */ = {isa = PBXFileReference; lastKnownFileType = sourcecode.cpp.cpp; name = Main.cpp; path = ../../Source/Main.cpp; sourceTree = SOURCE_ROOT; };
		A3BDDA2E32B14CED4C90FBCE /* QTKit.framework */ = {isa = PBXFileReference; lastKnownFileType = wrapper.framework; name = QTKit.framework; path = System/Library/Frameworks/QTKit.framework; sourceTree = SDKROOT; };
		A3D14749BC916B14D07AF0CA /* JuceLibraryCode3.mm */ = {isa = PBXFileReference; lastKnownFileType = sourcecode.cpp.objcpp; name = JuceLibraryCode3.mm; path = ../../JuceLibraryCode/JuceLibraryCode3.mm; sourceTree = SOURCE_ROOT; };
		AF256202767FE0A41551F80E /* QuartzCore.framework */ = {isa = PBXFileReference; lastKnownFileType = wrapper.framework; name = QuartzCore.framework; path = System/Library/Frameworks/QuartzCore.framework; sourceTree = SDKROOT; };
		B205F43741F810290BE6110C /* dRowAudio_AudioOscilloscope.h */ = {isa = PBXFileReference; lastKnownFileType = sourcecode.c.h; name = dRowAudio_AudioOscilloscope.h; path = ../../Source/dRowAudio_AudioOscilloscope.h; sourceTree = SOURCE_ROOT; };
		C53F60610C71367C40C300F3 /* MainWindow.h */ = {isa = PBXFileReference; lastKnownFileType = sourcecode.c.h; name = MainWindow.h; path = ../../Source/MainWindow.h; sourceTree = SOURCE_ROOT; };
		C875CE8D44DC1EA844F7CC53 /* AudioSettingsComponent.h */ = {isa = PBXFileReference; lastKnownFileType = sourcecode.c.h; name = AudioSettingsComponent.h; path = ../../Source/AudioSettingsComponent.h; sourceTree = SOURCE_ROOT; };
		C9B3DAC851FFCDA65036363B /* SettingsComp.h */ = {isa = PBXFileReference; lastKnownFileType = sourcecode.c.h; name = SettingsComp.h; path = ../../Source/SettingsComp.h; sourceTree = SOURCE_ROOT; };
		CC7DCC8920B429926D40DA04 /* StatusComp.h */ = {isa = PBXFileReference; lastKnownFileType = sourcecode.c.h; name = StatusComp.h; path = ../../Source/StatusComp.h; sourceTree = SOURCE_ROOT; };
		CFFC1ADBC264B1DC39887501 /* Carbon.framework */ = {isa = PBXFileReference; lastKnownFileType = wrapper.framework; name = Carbon.framework; path = System/Library/Frameworks/Carbon.framework; sourceTree = SDKROOT; };
		D5466AE4F30AC53DE508C674 /* MainComponent.cpp */ = {isa = PBXFileReference; lastKnownFileType = sourcecode.cpp.cpp; name = MainComponent.cpp; path = ../../Source/MainComponent.cpp; sourceTree = SOURCE_ROOT; };
		D8447106147C1497813C4647 /* StatusComp.cpp */ = {isa = PBXFileReference; lastKnownFileType = sourcecode.cpp.cpp; name = StatusComp.cpp; path = ../../Source/StatusComp.cpp; sourceTree = SOURCE_ROOT; };
		E31C589A16DF9B11B6E80E26 /* CompressionFunctions.h */ = {isa = PBXFileReference; lastKnownFileType = sourcecode.c.h; name = CompressionFunctions.h; path = ../../Source/CompressionFunctions.h; sourceTree = SOURCE_ROOT; };
		EB674DB53B00272606709E67 /* OpenGL.framework */ = {isa = PBXFileReference; lastKnownFileType = wrapper.framework; name = OpenGL.framework; path = System/Library/Frameworks/OpenGL.framework; sourceTree = SDKROOT; };
		ECF81044D98CEE47A45E731A /* JuceLibraryCode4.mm */ = {isa = PBXFileReference; lastKnownFileType = sourcecode.cpp.objcpp; name = JuceLibraryCode4.mm; path = ../../JuceLibraryCode/JuceLibraryCode4.mm; sourceTree = SOURCE_ROOT; };
		F06855B81D1C9C00C99429A8 /* WebKit.framework */ = {isa = PBXFileReference; lastKnownFileType = wrapper.framework; name = WebKit.framework; path = System/Library/Frameworks/WebKit.framework; sourceTree = SDKROOT; };
		F857522533EACC9E5D642AD7 /* dRowAudio_FIFOBuffer.cpp */ = {isa = PBXFileReference; lastKnownFileType = sourcecode.cpp.cpp; name = dRowAudio_FIFOBuffer.cpp; path = ../../Source/dRowAudio_FIFOBuffer.cpp; sourceTree = SOURCE_ROOT; };
		FABE5E40A60A20FD97F37CA3 /* AudioEngine.cpp */ = {isa = PBXFileReference; lastKnownFileType = sourcecode.cpp.cpp; name = AudioEngine.cpp; path = ../../Source/AudioEngine.cpp; sourceTree = SOURCE_ROOT; };
		FD24EA686F91457A52734BA9 /* dRowAudio_AudioOscilloscope.cpp */ = {isa = PBXFileReference; lastKnownFileType = sourcecode.cpp.cpp; name = dRowAudio_AudioOscilloscope.cpp; path = ../../Source/dRowAudio_AudioOscilloscope.cpp; sourceTree = SOURCE_ROOT; };
		FF12558DDD866E33288408D9 /* SettingsComp.cpp */ = {isa = PBXFileReference; lastKnownFileType = sourcecode.cpp.cpp; name = SettingsComp.cpp; path = ../../Source/SettingsComp.cpp; sourceTree = SOURCE_ROOT; };
/* End PBXFileReference section */

/* Begin PBXFrameworksBuildPhase section */
		84DE09C167BDA4F81423B9E7 /* Frameworks */ = {
			isa = PBXFrameworksBuildPhase;
			buildActionMask = 2147483647;
			files = (
				F726F24E8197F3E8C742E247 /* Cocoa.framework in Frameworks */,
				345ACD9114F15E17EFDB83B6 /* Carbon.framework in Frameworks */,
				8E773E095025F43970BC0FAD /* IOKit.framework in Frameworks */,
				DEFAD81FA65CB982EAE9B670 /* CoreAudio.framework in Frameworks */,
				42A71B001E35C068BCF0DCA8 /* CoreMIDI.framework in Frameworks */,
				628D4E434596684181E5482B /* WebKit.framework in Frameworks */,
				A889798F1883CA1A272FB0C3 /* DiscRecording.framework in Frameworks */,
				26D25940C55D560936174FC7 /* OpenGL.framework in Frameworks */,
				5739C7E232EBACBEDDA2A471 /* QuartzCore.framework in Frameworks */,
				1F20FC41163DB3EB0BCFCEDB /* QTKit.framework in Frameworks */,
				BABF3FC22B12EB035E1E1B15 /* QuickTime.framework in Frameworks */,
			);
			runOnlyForDeploymentPostprocessing = 0;
		};
/* End PBXFrameworksBuildPhase section */

/* Begin PBXGroup section */
		35FA08938FB46292D3561311 /* Source */ = {
			isa = PBXGroup;
			children = (
				A0E6348BDD221C8BBAED4438 /* Main.cpp */,
				49917631101CDFCD1A29357D /* Settings.h */,
				0DCAE3D336DE4DF5EF1DE507 /* Settings.cpp */,
				076278A00E6542E5EB9854C9 /* AudioNetworkStreamer.h */,
				89F148544D8C9828E2D70542 /* AudioNetworkStreamer.cpp */,
				7A529DBE1537B711AC46C88E /* audio */,
				4CDC18AFFBB6F228B8546861 /* ui */,
			);
			name = Source;
			sourceTree = "<group>";
		};
		4CDC18AFFBB6F228B8546861 /* ui */ = {
			isa = PBXGroup;
			children = (
				CC7DCC8920B429926D40DA04 /* StatusComp.h */,
				D8447106147C1497813C4647 /* StatusComp.cpp */,
				C53F60610C71367C40C300F3 /* MainWindow.h */,
				0E040333E6A753222BD76F24 /* MainWindow.cpp */,
				6A794B7585A1CA06BDDB7806 /* MainComponent.h */,
				D5466AE4F30AC53DE508C674 /* MainComponent.cpp */,
				C9B3DAC851FFCDA65036363B /* SettingsComp.h */,
				FF12558DDD866E33288408D9 /* SettingsComp.cpp */,
				C875CE8D44DC1EA844F7CC53 /* AudioSettingsComponent.h */,
				62DCB6681646C60295473562 /* AudioSettingsComponent.cpp */,
				B205F43741F810290BE6110C /* dRowAudio_AudioOscilloscope.h */,
				FD24EA686F91457A52734BA9 /* dRowAudio_AudioOscilloscope.cpp */,
			);
			name = ui;
			sourceTree = "<group>";
		};
		661BB1295251CBE83F509FC1 /* Resources */ = {
			isa = PBXGroup;
			children = (
				702CC76857159156437F254F /* Info.plist */,
			);
			name = Resources;
			sourceTree = "<group>";
		};
		7A529DBE1537B711AC46C88E /* audio */ = {
			isa = PBXGroup;
			children = (
				E31C589A16DF9B11B6E80E26 /* CompressionFunctions.h */,
				417A12DD78AA77F8592ADC25 /* AudioEngine.h */,
				FABE5E40A60A20FD97F37CA3 /* AudioEngine.cpp */,
				1B21BF31607097D052AACD06 /* dRowAudio_FIFOBuffer.h */,
				F857522533EACC9E5D642AD7 /* dRowAudio_FIFOBuffer.cpp */,
			);
			name = audio;
			sourceTree = "<group>";
		};
		8ACA78FE38CA7DD0AEAD4A22 /* Frameworks */ = {
			isa = PBXGroup;
			children = (
				81B6ABD52C3270317859BA6D /* Cocoa.framework */,
				CFFC1ADBC264B1DC39887501 /* Carbon.framework */,
				91673E4F245CF26F75BF174D /* IOKit.framework */,
				30B23D67AE94FE7DD21DDCC2 /* CoreAudio.framework */,
				779D7C4F339179FCD3CDA67A /* CoreMIDI.framework */,
				F06855B81D1C9C00C99429A8 /* WebKit.framework */,
				21FBAAA93F864DF0F75F9932 /* DiscRecording.framework */,
				EB674DB53B00272606709E67 /* OpenGL.framework */,
				AF256202767FE0A41551F80E /* QuartzCore.framework */,
				A3BDDA2E32B14CED4C90FBCE /* QTKit.framework */,
				564213911528FA337941933A /* QuickTime.framework */,
			);
			name = Frameworks;
			sourceTree = "<group>";
		};
		95DF458A970AD80789A29E8E /* Products */ = {
			isa = PBXGroup;
			children = (
				9E38696616ED575673D172C1 /* Network Audio Streamer.app */,
			);
			name = Products;
			sourceTree = "<group>";
		};
		A2AD4145FDE596AA6E4C9AAF /* Juce Library Code */ = {
			isa = PBXGroup;
			children = (
				44B68DF235E47D5F54C7258F /* AppConfig.h */,
				0B32549F47AEA2BFB8E399EF /* JuceHeader.h */,
				1094A64293CA75DE19A3E84B /* JuceLibraryCode1.mm */,
				59BB7F4DAFA5F8F1FC976C8B /* JuceLibraryCode2.mm */,
				A3D14749BC916B14D07AF0CA /* JuceLibraryCode3.mm */,
				ECF81044D98CEE47A45E731A /* JuceLibraryCode4.mm */,
			);
			name = "Juce Library Code";
			sourceTree = "<group>";
		};
		D8C159067DAFC8BFE4ABBC4F /* Source */ = {
			isa = PBXGroup;
			children = (
				35FA08938FB46292D3561311 /* Source */,
				A2AD4145FDE596AA6E4C9AAF /* Juce Library Code */,
				661BB1295251CBE83F509FC1 /* Resources */,
				8ACA78FE38CA7DD0AEAD4A22 /* Frameworks */,
				95DF458A970AD80789A29E8E /* Products */,
			);
			name = Source;
			sourceTree = "<group>";
		};
/* End PBXGroup section */

/* Begin PBXNativeTarget section */
		68EA63D40C40C90645BE36A5 /* Network Audio Streamer */ = {
			isa = PBXNativeTarget;
			buildConfigurationList = 28E3DC21469E3CC1C30E2275 /* Build configuration list for PBXNativeTarget "Network Audio Streamer" */;
			buildPhases = (
				0322ED19BFD55073214F863A /* Resources */,
				E0B9E9788FC16AD09A51CBE6 /* Sources */,
				84DE09C167BDA4F81423B9E7 /* Frameworks */,
			);
			buildRules = (
			);
			dependencies = (
			);
			name = "Network Audio Streamer";
			productInstallPath = "$(HOME)/Applications";
			productName = "Network Audio Streamer";
			productReference = 9E38696616ED575673D172C1 /* Network Audio Streamer.app */;
			productType = "com.apple.product-type.application";
		};
/* End PBXNativeTarget section */

/* Begin PBXProject section */
		5394F52DFD56E707B0B35BFC /* Project object */ = {
			isa = PBXProject;
			buildConfigurationList = 80B1CFE6663A737A24FE0D81 /* Build configuration list for PBXProject "Network Audio Streamer" */;
			compatibilityVersion = "Xcode 3.2";
			developmentRegion = English;
			hasScannedForEncodings = 0;
			knownRegions = (
				English,
				Japanese,
				French,
				German,
			);
			mainGroup = D8C159067DAFC8BFE4ABBC4F /* Source */;
			projectDirPath = "";
			projectRoots = (
				"",
				../..,
			);
			targets = (
				68EA63D40C40C90645BE36A5 /* Network Audio Streamer */,
			);
		};
/* End PBXProject section */

/* Begin PBXResourcesBuildPhase section */
		0322ED19BFD55073214F863A /* Resources */ = {
			isa = PBXResourcesBuildPhase;
			buildActionMask = 2147483647;
			files = (
			);
			runOnlyForDeploymentPostprocessing = 0;
		};
/* End PBXResourcesBuildPhase section */

/* Begin PBXSourcesBuildPhase section */
		E0B9E9788FC16AD09A51CBE6 /* Sources */ = {
			isa = PBXSourcesBuildPhase;
			buildActionMask = 2147483647;
			files = (
				8F0027662B7E5378F98377E3 /* Main.cpp in Sources */,
				632DBA1C5114542447D2F922 /* Settings.cpp in Sources */,
				A924A09A7992C306CEFE6816 /* AudioNetworkStreamer.cpp in Sources */,
				47CCCB7357C619F1B6DC6CF5 /* AudioEngine.cpp in Sources */,
				E7CEB96BFFDEC941464FAB3A /* dRowAudio_FIFOBuffer.cpp in Sources */,
				060E63CCFE453441AC361E4B /* StatusComp.cpp in Sources */,
				D3A2935D5F1951F88F175DD2 /* MainWindow.cpp in Sources */,
				53B77D7676EE1E1BFF010641 /* MainComponent.cpp in Sources */,
				3DB6A0B11BF8793E3FAD141A /* SettingsComp.cpp in Sources */,
				ED510F6B0BD3FB290B3DFD5C /* AudioSettingsComponent.cpp in Sources */,
				3EDEF444639934D1566CFE6B /* dRowAudio_AudioOscilloscope.cpp in Sources */,
				88808E432C6E0A4F00A80056 /* JuceLibraryCode1.mm in Sources */,
				84179EE40829D0573A7D4461 /* JuceLibraryCode2.mm in Sources */,
				90ADAE75E4E4976F6552886C /* JuceLibraryCode3.mm in Sources */,
				AC44BE16C0B06E779F37CC67 /* JuceLibraryCode4.mm in Sources */,
			);
			runOnlyForDeploymentPostprocessing = 0;
		};
/* End PBXSourcesBuildPhase section */

/* Begin XCBuildConfiguration section */
		5AEA1C931B6C48A593A51C10 /* Debug */ = {
			isa = XCBuildConfiguration;
			buildSettings = {
				ARCHS = "$(ARCHS_STANDARD_64_BIT)";
				COPY_PHASE_STRIP = NO;
				GCC_DYNAMIC_NO_PIC = NO;
				GCC_ENABLE_FIX_AND_CONTINUE = NO;
				GCC_OPTIMIZATION_LEVEL = 0;
				GCC_PREPROCESSOR_DEFINITIONS = (
					"_DEBUG=1",
					"DEBUG=1",
					"JUCE_ObjCExtraSuffix=izkE3M",
					"JUCER_XCODE_MAC_F6D2F4CF=1",
				);
				HEADER_SEARCH_PATHS = (
					"$(inherited)",
				);
				INFOPLIST_FILE = Info.plist;
				INSTALL_PATH = "$(HOME)/Applications";
				MACOSX_DEPLOYMENT_TARGET_ppc = 10.4;
				ONLY_ACTIVE_ARCH = YES;
				OTHER_LDFLAGS = (
					"-framework",
					Accelerate,
				);
				PREBINDING = NO;
			};
			name = Debug;
		};
		C8BF163BD3166F14D77E32B7 /* Release */ = {
			isa = XCBuildConfiguration;
			buildSettings = {
				ALWAYS_SEARCH_USER_PATHS = NO;
				DEBUG_INFORMATION_FORMAT = dwarf;
				GCC_C_LANGUAGE_STANDARD = c99;
				GCC_INLINES_ARE_PRIVATE_EXTERN = YES;
				GCC_MODEL_TUNING = G5;
				GCC_WARN_ABOUT_RETURN_TYPE = YES;
				GCC_WARN_CHECK_SWITCH_STATEMENTS = YES;
				GCC_WARN_MISSING_PARENTHESES = YES;
				GCC_WARN_NON_VIRTUAL_DESTRUCTOR = YES;
				GCC_WARN_TYPECHECK_CALLS_TO_PRINTF = YES;
				GCC_WARN_UNUSED_VARIABLE = YES;
				PRODUCT_NAME = "Network Audio Streamer";
				WARNING_CFLAGS = "-Wreorder";
				ZERO_LINK = NO;
			};
			name = Release;
		};
		E386A50635C4EE9FA9F19BE7 /* Release */ = {
			isa = XCBuildConfiguration;
			buildSettings = {
				GCC_GENERATE_DEBUGGING_SYMBOLS = NO;
				GCC_OPTIMIZATION_LEVEL = s;
				GCC_PREPROCESSOR_DEFINITIONS = (
					"_NDEBUG=1",
					"NDEBUG=1",
					"JUCE_ObjCExtraSuffix=izkE3M",
					"JUCER_XCODE_MAC_F6D2F4CF=1",
				);
				GCC_SYMBOLS_PRIVATE_EXTERN = YES;
				HEADER_SEARCH_PATHS = (
					"$(inherited)",
				);
				INFOPLIST_FILE = Info.plist;
				INSTALL_PATH = "$(HOME)/Applications";
				MACOSX_DEPLOYMENT_TARGET_ppc = 10.4;
				OTHER_LDFLAGS = (
					"-framework",
					Accelerate,
				);
				PREBINDING = NO;
			};
			name = Release;
		};
		E52863C0FA6F5D9EA29020A4 /* Debug */ = {
			isa = XCBuildConfiguration;
			buildSettings = {
				ALWAYS_SEARCH_USER_PATHS = NO;
				DEBUG_INFORMATION_FORMAT = dwarf;
				GCC_C_LANGUAGE_STANDARD = c99;
				GCC_INLINES_ARE_PRIVATE_EXTERN = YES;
				GCC_MODEL_TUNING = G5;
				GCC_WARN_ABOUT_RETURN_TYPE = YES;
				GCC_WARN_CHECK_SWITCH_STATEMENTS = YES;
				GCC_WARN_MISSING_PARENTHESES = YES;
				GCC_WARN_NON_VIRTUAL_DESTRUCTOR = YES;
				GCC_WARN_TYPECHECK_CALLS_TO_PRINTF = YES;
				GCC_WARN_UNUSED_VARIABLE = YES;
				PRODUCT_NAME = "Network Audio Streamer";
				WARNING_CFLAGS = "-Wreorder";
				ZERO_LINK = NO;
			};
			name = Debug;
		};
/* End XCBuildConfiguration section */

/* Begin XCConfigurationList section */
		28E3DC21469E3CC1C30E2275 /* Build configuration list for PBXNativeTarget "Network Audio Streamer" */ = {
			isa = XCConfigurationList;
			buildConfigurations = (
				5AEA1C931B6C48A593A51C10 /* Debug */,
				E386A50635C4EE9FA9F19BE7 /* Release */,
			);
			defaultConfigurationIsVisible = 0;
			defaultConfigurationName = Debug;
		};
		80B1CFE6663A737A24FE0D81 /* Build configuration list for PBXProject "Network Audio Streamer" */ = {
			isa = XCConfigurationList;
			buildConfigurations = (
				E52863C0FA6F5D9EA29020A4 /* Debug */,
				C8BF163BD3166F14D77E32B7 /* Release */,
			);
			defaultConfigurationIsVisible = 0;
			defaultConfigurationName = Debug;
		};
/* End XCConfigurationList section */
	};
	rootObject = 5394F52DFD56E707B0B35BFC /* Project object */;
}
